// !$*UTF8*$!
{
	archiveVersion = 1;
	classes = {
	};
	objectVersion = 46;
	objects = {

/* Begin PBXBuildFile section */
		0214246CCB1FF7182F7222B9CCDF8FCB /* Foundation.framework in Frameworks */ = {isa = PBXBuildFile; fileRef = 0545E2AAEDFCFAF805E98D16741B0FFD /* Foundation.framework */; };
		10811A0C5774FFFBF1B763FA38A4BF7C /* Foundation.framework in Frameworks */ = {isa = PBXBuildFile; fileRef = 0545E2AAEDFCFAF805E98D16741B0FFD /* Foundation.framework */; };
		1189D8C6CB46D0FAADDF509C7DC3F082 /* CocoaLumberjack.h in Headers */ = {isa = PBXBuildFile; fileRef = 5E0A246A5DB9591F50F17C674884605C /* CocoaLumberjack.h */; settings = {ATTRIBUTES = (Public, ); }; };
		1341A7AC2439CB63D459D32EF985A414 /* UIImage+AFNetworking.h in Headers */ = {isa = PBXBuildFile; fileRef = 79357AFBBA45FCEB6C552FD428D8A933 /* UIImage+AFNetworking.h */; settings = {ATTRIBUTES = (Public, ); }; };
		15424E7E9C2D033FAEAEB69C50C37E5F /* QuartzCore.framework in Frameworks */ = {isa = PBXBuildFile; fileRef = 5D3957E2CA5AF2D33C24B7CB4511359E /* QuartzCore.framework */; };
		1C76817FA5353D989D7BC33E8C5997B5 /* CoreGraphics.framework in Frameworks */ = {isa = PBXBuildFile; fileRef = 31408CA5A76AB67C6C021893718AFA05 /* CoreGraphics.framework */; };
		246F324F191688B9EC06AEA374758D2D /* DDLegacyMacros.h in Headers */ = {isa = PBXBuildFile; fileRef = F78E6A4D4A0734D5BE3305820AB90E0D /* DDLegacyMacros.h */; settings = {ATTRIBUTES = (Public, ); }; };
		2579663181BFA8F7DA4B5D7CF8537FC0 /* UIActivityIndicatorView+AFNetworking.m in Sources */ = {isa = PBXBuildFile; fileRef = 6ECF797FBA01AA7BE193A598983039AE /* UIActivityIndicatorView+AFNetworking.m */; };
		266033E83193E683318B3432BC99EB99 /* Pods-neighbor-dummy.m in Sources */ = {isa = PBXBuildFile; fileRef = C22A8F758B40279204119099DBA481B5 /* Pods-neighbor-dummy.m */; };
		2CD4F9B309F4DDA82DD35DB3E3375277 /* DDOSLogger.h in Headers */ = {isa = PBXBuildFile; fileRef = 6F3023B9B15E2FA501270F2863EC329A /* DDOSLogger.h */; settings = {ATTRIBUTES = (Public, ); }; };
		2EBAA518CB8B2DAF89A63637091D4615 /* UIButton+AFNetworking.h in Headers */ = {isa = PBXBuildFile; fileRef = FEC0B332C068D9868DFB648F9580B068 /* UIButton+AFNetworking.h */; settings = {ATTRIBUTES = (Public, ); }; };
		31ED9BD97AF9E62874AF3CDF2F8090CF /* AFNetworkActivityIndicatorManager.m in Sources */ = {isa = PBXBuildFile; fileRef = 5C0BA4F41899BF55A03A8543C9582109 /* AFNetworkActivityIndicatorManager.m */; };
		3441D7B7F5F9A88883353237766D9FAD /* DDFileLogger.h in Headers */ = {isa = PBXBuildFile; fileRef = CEBB8FE4DEE11FDD940FF25CA83A685E /* DDFileLogger.h */; settings = {ATTRIBUTES = (Public, ); }; };
		377F8D664706BBAD590AF4B128596B0C /* DDOSLogger.m in Sources */ = {isa = PBXBuildFile; fileRef = 0F034DC85B9D22BEC3250F03A07D9EEB /* DDOSLogger.m */; settings = {COMPILER_FLAGS = "-DOS_OBJECT_USE_OBJC=0"; }; };
		38429612AFDFAB5B31C02D46018656C9 /* DDFileLogger.m in Sources */ = {isa = PBXBuildFile; fileRef = E192D700C4F4891C07B158B553ED1557 /* DDFileLogger.m */; settings = {COMPILER_FLAGS = "-DOS_OBJECT_USE_OBJC=0"; }; };
		3BE590C43F6CF35CDF07D6A96A161C0E /* DDMultiFormatter.h in Headers */ = {isa = PBXBuildFile; fileRef = 79F5A7239E68AF0617B0F814DD031174 /* DDMultiFormatter.h */; settings = {ATTRIBUTES = (Public, ); }; };
		46401F3C7FF0B0CFE2E9B14914780835 /* AFNetworking.h in Headers */ = {isa = PBXBuildFile; fileRef = 10A04858868C132A251A430DB830B28D /* AFNetworking.h */; settings = {ATTRIBUTES = (Public, ); }; };
		488391F71FFEC819796C437A754BCC90 /* DDASLLogger.m in Sources */ = {isa = PBXBuildFile; fileRef = 5D4BA921F5035E6A8FFF866CEFD148BD /* DDASLLogger.m */; settings = {COMPILER_FLAGS = "-DOS_OBJECT_USE_OBJC=0"; }; };
		536F7D0550F5FD9F5869CEC995CFEE9B /* MBProgressHUD.m in Sources */ = {isa = PBXBuildFile; fileRef = 5609494F6AEB7F8B97182E598269E27C /* MBProgressHUD.m */; };
		55359F5DE0FAA9C383FECF4EE275DA6F /* DDContextFilterLogFormatter.h in Headers */ = {isa = PBXBuildFile; fileRef = C31B176DA3D571754E6E5B2E051983C6 /* DDContextFilterLogFormatter.h */; settings = {ATTRIBUTES = (Public, ); }; };
		5719F06B809080CDEF7E6BC75DEA1A3C /* UIKit+AFNetworking.h in Headers */ = {isa = PBXBuildFile; fileRef = 09C086AABF6A93A5A6823E7522460C41 /* UIKit+AFNetworking.h */; settings = {ATTRIBUTES = (Public, ); }; };
		5945033488F9995134DBB7014DE2412F /* AFURLRequestSerialization.m in Sources */ = {isa = PBXBuildFile; fileRef = 9726226320933A13B85FB872D58C8D7C /* AFURLRequestSerialization.m */; };
		5C0696B2AD1DC23F6473F5A19FAB6296 /* AFImageDownloader.m in Sources */ = {isa = PBXBuildFile; fileRef = C24D01347FC3FD01E6E98D3B1772D2A8 /* AFImageDownloader.m */; };
		66635EAAE52FF5571DBCDC626FB8CA86 /* AFURLResponseSerialization.h in Headers */ = {isa = PBXBuildFile; fileRef = 9EFB139EBCA354D9CEB357540F7B6E60 /* AFURLResponseSerialization.h */; settings = {ATTRIBUTES = (Public, ); }; };
		66E1040543AF7BA3DC3731FE17C85F5B /* AFSecurityPolicy.m in Sources */ = {isa = PBXBuildFile; fileRef = 7A8855D0C96E809AE2EA9D84FF6F1491 /* AFSecurityPolicy.m */; };
		682B0E603612B6ADBCCF30580F9A4B09 /* UIActivityIndicatorView+AFNetworking.h in Headers */ = {isa = PBXBuildFile; fileRef = 5DF4A85301FCA2A976E858EF7B517810 /* UIActivityIndicatorView+AFNetworking.h */; settings = {ATTRIBUTES = (Public, ); }; };
		6B71CE5BA32574F407349C1DA20605B4 /* AFHTTPSessionManager.h in Headers */ = {isa = PBXBuildFile; fileRef = 01B6F86F4B7DF49C54BCE1F2FFFE6594 /* AFHTTPSessionManager.h */; settings = {ATTRIBUTES = (Public, ); }; };
		707E818332E5033501DF2D7826C639DF /* AFImageDownloader.h in Headers */ = {isa = PBXBuildFile; fileRef = 12D6EBDE0C0F3982E041F5DEE4A28848 /* AFImageDownloader.h */; settings = {ATTRIBUTES = (Public, ); }; };
		7291E906AE8A3C1F92183154FE65DCDD /* QuartzCore.framework in Frameworks */ = {isa = PBXBuildFile; fileRef = 5D3957E2CA5AF2D33C24B7CB4511359E /* QuartzCore.framework */; };
		73811DA312BCB537D44D62EC6AD15766 /* AFHTTPSessionManager.m in Sources */ = {isa = PBXBuildFile; fileRef = 91E6064123C772C046F29B79B6934FEB /* AFHTTPSessionManager.m */; };
		742331B18E237BC0872FF0F21494F79B /* DDAbstractDatabaseLogger.m in Sources */ = {isa = PBXBuildFile; fileRef = 3DE11F8CBD89D7F1C39CEF6E50C26574 /* DDAbstractDatabaseLogger.m */; settings = {COMPILER_FLAGS = "-DOS_OBJECT_USE_OBJC=0"; }; };
		767A7E255A89A4BAFC49814322F6FC39 /* DDContextFilterLogFormatter.m in Sources */ = {isa = PBXBuildFile; fileRef = 33C6C440348C83D0772785BE770CB149 /* DDContextFilterLogFormatter.m */; settings = {COMPILER_FLAGS = "-DOS_OBJECT_USE_OBJC=0"; }; };
		775CE7A8107457BDE59F113D40020839 /* AFAutoPurgingImageCache.m in Sources */ = {isa = PBXBuildFile; fileRef = 56DB097D6A1E81CCD6FAAF3B0FDC557C /* AFAutoPurgingImageCache.m */; };
		7A33078695C3B82554F13F105AB1D5F7 /* Foundation.framework in Frameworks */ = {isa = PBXBuildFile; fileRef = 0545E2AAEDFCFAF805E98D16741B0FFD /* Foundation.framework */; };
		84494955C324A7BC1C3F150A6E2B870C /* DDMultiFormatter.m in Sources */ = {isa = PBXBuildFile; fileRef = 55E6C32D6218FA40D7F2860B7876D0EB /* DDMultiFormatter.m */; settings = {COMPILER_FLAGS = "-DOS_OBJECT_USE_OBJC=0"; }; };
		85D30678FF4F0AB306399A368EAA46B2 /* AFURLResponseSerialization.m in Sources */ = {isa = PBXBuildFile; fileRef = 1A84D26D142C0AE6AD36C5F71E7087C5 /* AFURLResponseSerialization.m */; };
		8958F2453EEBAF71BFEBD78FB48986EC /* UIWebView+AFNetworking.h in Headers */ = {isa = PBXBuildFile; fileRef = AEF9EA0FC0ECB0A32C81938D5DCB669F /* UIWebView+AFNetworking.h */; settings = {ATTRIBUTES = (Public, ); }; };
		8BB083D4FDC1F872F0F0246C9EB3A522 /* DDLog+LOGV.h in Headers */ = {isa = PBXBuildFile; fileRef = E2AEDD9D3877F4BEEB9EBD8146340496 /* DDLog+LOGV.h */; settings = {ATTRIBUTES = (Public, ); }; };
		8FF0F792D87F0F5A6F1578BEA3F04DCE /* DDASLLogCapture.h in Headers */ = {isa = PBXBuildFile; fileRef = A46317A619996A2F3CCD6506F3FA0E9A /* DDASLLogCapture.h */; settings = {ATTRIBUTES = (Public, ); }; };
		903158692A045396106CA22C0DD13BA6 /* SystemConfiguration.framework in Frameworks */ = {isa = PBXBuildFile; fileRef = D69AC1B584B417B7533FA4F3B581C063 /* SystemConfiguration.framework */; };
		93F12B05D8333C37D9CBEA3D1782CC04 /* Foundation.framework in Frameworks */ = {isa = PBXBuildFile; fileRef = 0545E2AAEDFCFAF805E98D16741B0FFD /* Foundation.framework */; };
		9505573B785699BF7175E70041928F60 /* DDLog.h in Headers */ = {isa = PBXBuildFile; fileRef = 580A96AE5E2FC5DD0CB92856238D0851 /* DDLog.h */; settings = {ATTRIBUTES = (Public, ); }; };
		95C5D891AB51E21A90472391D7C1C7A9 /* CocoaLumberjack-dummy.m in Sources */ = {isa = PBXBuildFile; fileRef = 572E406BD91E982A8130212411E08CA3 /* CocoaLumberjack-dummy.m */; };
		97A86FAAD4B1AD9B3292FF6AF1D8F82B /* AFNetworking-dummy.m in Sources */ = {isa = PBXBuildFile; fileRef = 6546F90A062585D8B240649F083A87C8 /* AFNetworking-dummy.m */; };
		9E4074EE1199C4B07D01D2B7C820BA60 /* DDDispatchQueueLogFormatter.h in Headers */ = {isa = PBXBuildFile; fileRef = A1F862ED7EE958BEBC6C6587F4A49DBF /* DDDispatchQueueLogFormatter.h */; settings = {ATTRIBUTES = (Public, ); }; };
		9EEAFB8E4255CFFD7FF0746FB504C881 /* DDLog.m in Sources */ = {isa = PBXBuildFile; fileRef = A7491EF04C085CCEEA2A19410020C3A4 /* DDLog.m */; settings = {COMPILER_FLAGS = "-DOS_OBJECT_USE_OBJC=0"; }; };
		9F5BB6B4995BA4A3B2C6AEBA6C31A6DB /* AFURLSessionManager.m in Sources */ = {isa = PBXBuildFile; fileRef = 8C5E49F2F6D4AEFF9D2B5F4731575007 /* AFURLSessionManager.m */; };
		A277AD9070E44BED5A7DE0B1D64D6F15 /* UIImageView+AFNetworking.m in Sources */ = {isa = PBXBuildFile; fileRef = 6C7C08F6154F6AA9BB26BA8DEB1F3434 /* UIImageView+AFNetworking.m */; };
		A4B7EF6C5296F8B175118340855DD9AF /* DDASLLogger.h in Headers */ = {isa = PBXBuildFile; fileRef = C0A1345FEFEC0F06215BC6D9B11906FF /* DDASLLogger.h */; settings = {ATTRIBUTES = (Public, ); }; };
		A7F7FDCD36E2DD8D8E346DB19452CC03 /* UIWebView+AFNetworking.m in Sources */ = {isa = PBXBuildFile; fileRef = 6704CD5491796880CA3268BA9C395557 /* UIWebView+AFNetworking.m */; };
		A90F92B6D535965E7E26E66001040594 /* DDTTYLogger.h in Headers */ = {isa = PBXBuildFile; fileRef = 2397C305F06ED2D73B4E58E761956B01 /* DDTTYLogger.h */; settings = {ATTRIBUTES = (Public, ); }; };
		ABB00A9FAB46BA0C44BF972CF261A764 /* DDAssertMacros.h in Headers */ = {isa = PBXBuildFile; fileRef = D7EC600433FC5D4713B7A2600D55E1A0 /* DDAssertMacros.h */; settings = {ATTRIBUTES = (Public, ); }; };
		ACB55BC601F23C3CC5D90B87DB041BED /* DDTTYLogger.m in Sources */ = {isa = PBXBuildFile; fileRef = CD9D91218040CF0137ECB89855991421 /* DDTTYLogger.m */; settings = {COMPILER_FLAGS = "-DOS_OBJECT_USE_OBJC=0"; }; };
		B40756412613B53C80EE77C4C223990F /* UIProgressView+AFNetworking.h in Headers */ = {isa = PBXBuildFile; fileRef = B9CFDC89C46BB00EE52365C53F4395A5 /* UIProgressView+AFNetworking.h */; settings = {ATTRIBUTES = (Public, ); }; };
		B6C2AC08E8880FF4EE334B55F99267B7 /* Foundation.framework in Frameworks */ = {isa = PBXBuildFile; fileRef = 0545E2AAEDFCFAF805E98D16741B0FFD /* Foundation.framework */; };
		B84CD33084C9867E67BD56E47B7BFC04 /* UIRefreshControl+AFNetworking.m in Sources */ = {isa = PBXBuildFile; fileRef = 18E3AB38025570A5FEE8821B927C5124 /* UIRefreshControl+AFNetworking.m */; };
		C1C0D7C93BF3DE14A26757273598D0FA /* AFURLRequestSerialization.h in Headers */ = {isa = PBXBuildFile; fileRef = 679A7DAA68AFB1BFC60E89D148A84655 /* AFURLRequestSerialization.h */; settings = {ATTRIBUTES = (Public, ); }; };
		C4AB7DF43DFD1BA7E16B45C0E090B903 /* Toast-dummy.m in Sources */ = {isa = PBXBuildFile; fileRef = 76B9283890F0A26ED7127CBC77DAD26F /* Toast-dummy.m */; };
		CBCCEAD402645565401CA93924736979 /* CoreGraphics.framework in Frameworks */ = {isa = PBXBuildFile; fileRef = 31408CA5A76AB67C6C021893718AFA05 /* CoreGraphics.framework */; };
		D10CC46035F7A0C868C0955664A34609 /* UIButton+AFNetworking.m in Sources */ = {isa = PBXBuildFile; fileRef = 38D6CAEF1DC59D38B5F27E2E6DB1E1E0 /* UIButton+AFNetworking.m */; };
		D3A1FAAF072B76DE1EDF2F169780D187 /* UIView+Toast.h in Headers */ = {isa = PBXBuildFile; fileRef = E3E59A85035B52FB40CF9F6FD71EBA5B /* UIView+Toast.h */; settings = {ATTRIBUTES = (Public, ); }; };
		D4AA4704CA7863CC86E22AAF88635836 /* UIProgressView+AFNetworking.m in Sources */ = {isa = PBXBuildFile; fileRef = 1CF8F75558669815E15AA65D84FF4213 /* UIProgressView+AFNetworking.m */; };
		D59FC98A74E440C4725B6FDC28F5951E /* AFSecurityPolicy.h in Headers */ = {isa = PBXBuildFile; fileRef = 74452EBB0E1CE5D8D90A146273D569B2 /* AFSecurityPolicy.h */; settings = {ATTRIBUTES = (Public, ); }; };
		D5CB999FB5FC80FC126A38AB4DF12227 /* UIImageView+AFNetworking.h in Headers */ = {isa = PBXBuildFile; fileRef = 23186832E8AB90C2B2C4147DC068368E /* UIImageView+AFNetworking.h */; settings = {ATTRIBUTES = (Public, ); }; };
		D7ED3F2BF4CF859956C13A4FEDC951FE /* UIView+Toast.m in Sources */ = {isa = PBXBuildFile; fileRef = 5AA4CD0D9AD4293BAB773A5C52B05F89 /* UIView+Toast.m */; settings = {COMPILER_FLAGS = "-DOS_OBJECT_USE_OBJC=0"; }; };
		DE31BBF6A7963C5871A19655EF5532BE /* AFNetworkReachabilityManager.h in Headers */ = {isa = PBXBuildFile; fileRef = 2747CA40FEFFE6EDC8BFFC33F9FDA714 /* AFNetworkReachabilityManager.h */; settings = {ATTRIBUTES = (Public, ); }; };
		DE825B8F32AB823F4BE5492CAC6FCB4B /* Security.framework in Frameworks */ = {isa = PBXBuildFile; fileRef = 8C6AA0F6917A9452C858932B5F735470 /* Security.framework */; };
		DF84D530DF2BC33EEA61C6389AB1F746 /* DDAbstractDatabaseLogger.h in Headers */ = {isa = PBXBuildFile; fileRef = 67FC8B1B1B4EA33F93995CDD765D5DB8 /* DDAbstractDatabaseLogger.h */; settings = {ATTRIBUTES = (Public, ); }; };
		E0EF330DB2D3521ED26E67B2E8687A2E /* AFNetworkReachabilityManager.m in Sources */ = {isa = PBXBuildFile; fileRef = 78DB23B6A6B6001F82BF8781657E3092 /* AFNetworkReachabilityManager.m */; };
		E5229F5125ACD420659E7B2D19BB30A8 /* MBProgressHUD-dummy.m in Sources */ = {isa = PBXBuildFile; fileRef = 0113C28D5B4F9C9B2153A9722D404CB5 /* MBProgressHUD-dummy.m */; };
		E7B0270BEDCBE116DDD853F76E27B0BA /* AFNetworkActivityIndicatorManager.h in Headers */ = {isa = PBXBuildFile; fileRef = 1930A837EAC492189956110C47B2AF42 /* AFNetworkActivityIndicatorManager.h */; settings = {ATTRIBUTES = (Public, ); }; };
		E8D868301A1255CB5444135FD1A90A6A /* DDASLLogCapture.m in Sources */ = {isa = PBXBuildFile; fileRef = E64E25511FE70850C9A5FAE4B4B027FE /* DDASLLogCapture.m */; settings = {COMPILER_FLAGS = "-DOS_OBJECT_USE_OBJC=0"; }; };
		EA321C98029015AA4895C0B26891D8F8 /* MBProgressHUD.h in Headers */ = {isa = PBXBuildFile; fileRef = 33AE2BA23B49E11D007995371B954CB1 /* MBProgressHUD.h */; settings = {ATTRIBUTES = (Public, ); }; };
		EF3D8A5B9DFFD9312291E9997FF63E28 /* DDDispatchQueueLogFormatter.m in Sources */ = {isa = PBXBuildFile; fileRef = 071A2E1B8F2AE22F70AE63808D1ED65C /* DDDispatchQueueLogFormatter.m */; settings = {COMPILER_FLAGS = "-DOS_OBJECT_USE_OBJC=0"; }; };
		F099E5987DD80E8D78E909AF81D3C587 /* UIRefreshControl+AFNetworking.h in Headers */ = {isa = PBXBuildFile; fileRef = FCE67DA7B00159D0CD9F25490BF1466A /* UIRefreshControl+AFNetworking.h */; settings = {ATTRIBUTES = (Public, ); }; };
		F1F93EE1AA5E870F2CE81325CE9EB643 /* AFAutoPurgingImageCache.h in Headers */ = {isa = PBXBuildFile; fileRef = EEAA1267D1F0C62C9657EFF87DC6E951 /* AFAutoPurgingImageCache.h */; settings = {ATTRIBUTES = (Public, ); }; };
		F5CC06F3E0C232483A72DCCFAF393BE0 /* AFURLSessionManager.h in Headers */ = {isa = PBXBuildFile; fileRef = E7ACC5B22B4EC6455AF2A41B92A83FEA /* AFURLSessionManager.h */; settings = {ATTRIBUTES = (Public, ); }; };
		F8D81E38BCC185BDCC5D8D6F466C077C /* DDLogMacros.h in Headers */ = {isa = PBXBuildFile; fileRef = 4FD1F0848A5694319098FF531F573483 /* DDLogMacros.h */; settings = {ATTRIBUTES = (Public, ); }; };
		F8DCA6C3C05A59B2C95A1B5F1CBD8C99 /* MobileCoreServices.framework in Frameworks */ = {isa = PBXBuildFile; fileRef = D3EDB3770F733F5A1CDD6811EE454628 /* MobileCoreServices.framework */; };
/* End PBXBuildFile section */

/* Begin PBXContainerItemProxy section */
		4B8721F96375C2D57CAF430279442550 /* PBXContainerItemProxy */ = {
			isa = PBXContainerItemProxy;
			containerPortal = D41D8CD98F00B204E9800998ECF8427E /* Project object */;
			proxyType = 1;
			remoteGlobalIDString = 586F2DFA9BDCC6675C2546793A69E5CC;
			remoteInfo = MBProgressHUD;
		};
		5C4C0EA0D9034C84E5F14E12692E6C8F /* PBXContainerItemProxy */ = {
			isa = PBXContainerItemProxy;
			containerPortal = D41D8CD98F00B204E9800998ECF8427E /* Project object */;
			proxyType = 1;
			remoteGlobalIDString = A9D9DCCE5442795D0AD9E99D86389328;
			remoteInfo = CocoaLumberjack;
		};
		B79C3205B02C07232D9D96F171EA0C6F /* PBXContainerItemProxy */ = {
			isa = PBXContainerItemProxy;
			containerPortal = D41D8CD98F00B204E9800998ECF8427E /* Project object */;
			proxyType = 1;
			remoteGlobalIDString = F2E5D914BCDF4052BDF1CF92E26EF050;
			remoteInfo = Toast;
		};
		EEA80466708906AE0504F7F1661E3D9E /* PBXContainerItemProxy */ = {
			isa = PBXContainerItemProxy;
			containerPortal = D41D8CD98F00B204E9800998ECF8427E /* Project object */;
			proxyType = 1;
			remoteGlobalIDString = 9E033EDB5EC0819481B0546434FA577B;
			remoteInfo = AFNetworking;
		};
/* End PBXContainerItemProxy section */

/* Begin PBXFileReference section */
		0113C28D5B4F9C9B2153A9722D404CB5 /* MBProgressHUD-dummy.m */ = {isa = PBXFileReference; includeInIndex = 1; lastKnownFileType = sourcecode.c.objc; path = "MBProgressHUD-dummy.m"; sourceTree = "<group>"; };
		01B6F86F4B7DF49C54BCE1F2FFFE6594 /* AFHTTPSessionManager.h */ = {isa = PBXFileReference; includeInIndex = 1; lastKnownFileType = sourcecode.c.h; name = AFHTTPSessionManager.h; path = AFNetworking/AFHTTPSessionManager.h; sourceTree = "<group>"; };
		0545E2AAEDFCFAF805E98D16741B0FFD /* Foundation.framework */ = {isa = PBXFileReference; lastKnownFileType = wrapper.framework; name = Foundation.framework; path = Platforms/iPhoneOS.platform/Developer/SDKs/iPhoneOS10.3.sdk/System/Library/Frameworks/Foundation.framework; sourceTree = DEVELOPER_DIR; };
		071A2E1B8F2AE22F70AE63808D1ED65C /* DDDispatchQueueLogFormatter.m */ = {isa = PBXFileReference; includeInIndex = 1; lastKnownFileType = sourcecode.c.objc; name = DDDispatchQueueLogFormatter.m; path = Classes/Extensions/DDDispatchQueueLogFormatter.m; sourceTree = "<group>"; };
		0778ADB0C31572A5783EF6B60858DF80 /* libMBProgressHUD.a */ = {isa = PBXFileReference; explicitFileType = archive.ar; includeInIndex = 0; name = libMBProgressHUD.a; path = libMBProgressHUD.a; sourceTree = BUILT_PRODUCTS_DIR; };
		09C086AABF6A93A5A6823E7522460C41 /* UIKit+AFNetworking.h */ = {isa = PBXFileReference; includeInIndex = 1; lastKnownFileType = sourcecode.c.h; name = "UIKit+AFNetworking.h"; path = "UIKit+AFNetworking/UIKit+AFNetworking.h"; sourceTree = "<group>"; };
		0F034DC85B9D22BEC3250F03A07D9EEB /* DDOSLogger.m */ = {isa = PBXFileReference; includeInIndex = 1; lastKnownFileType = sourcecode.c.objc; name = DDOSLogger.m; path = Classes/DDOSLogger.m; sourceTree = "<group>"; };
		10A04858868C132A251A430DB830B28D /* AFNetworking.h */ = {isa = PBXFileReference; includeInIndex = 1; lastKnownFileType = sourcecode.c.h; name = AFNetworking.h; path = AFNetworking/AFNetworking.h; sourceTree = "<group>"; };
		12CAC80D8B498391F9FCC4428B7AFB95 /* Toast-prefix.pch */ = {isa = PBXFileReference; includeInIndex = 1; lastKnownFileType = sourcecode.c.h; path = "Toast-prefix.pch"; sourceTree = "<group>"; };
		12D6EBDE0C0F3982E041F5DEE4A28848 /* AFImageDownloader.h */ = {isa = PBXFileReference; includeInIndex = 1; lastKnownFileType = sourcecode.c.h; name = AFImageDownloader.h; path = "UIKit+AFNetworking/AFImageDownloader.h"; sourceTree = "<group>"; };
		18E3AB38025570A5FEE8821B927C5124 /* UIRefreshControl+AFNetworking.m */ = {isa = PBXFileReference; includeInIndex = 1; lastKnownFileType = sourcecode.c.objc; name = "UIRefreshControl+AFNetworking.m"; path = "UIKit+AFNetworking/UIRefreshControl+AFNetworking.m"; sourceTree = "<group>"; };
		1930A837EAC492189956110C47B2AF42 /* AFNetworkActivityIndicatorManager.h */ = {isa = PBXFileReference; includeInIndex = 1; lastKnownFileType = sourcecode.c.h; name = AFNetworkActivityIndicatorManager.h; path = "UIKit+AFNetworking/AFNetworkActivityIndicatorManager.h"; sourceTree = "<group>"; };
		1A84D26D142C0AE6AD36C5F71E7087C5 /* AFURLResponseSerialization.m */ = {isa = PBXFileReference; includeInIndex = 1; lastKnownFileType = sourcecode.c.objc; name = AFURLResponseSerialization.m; path = AFNetworking/AFURLResponseSerialization.m; sourceTree = "<group>"; };
		1BFFAF4DF014A5E40A3655D8928DFB0E /* MBProgressHUD-prefix.pch */ = {isa = PBXFileReference; includeInIndex = 1; lastKnownFileType = sourcecode.c.h; path = "MBProgressHUD-prefix.pch"; sourceTree = "<group>"; };
		1CF8F75558669815E15AA65D84FF4213 /* UIProgressView+AFNetworking.m */ = {isa = PBXFileReference; includeInIndex = 1; lastKnownFileType = sourcecode.c.objc; name = "UIProgressView+AFNetworking.m"; path = "UIKit+AFNetworking/UIProgressView+AFNetworking.m"; sourceTree = "<group>"; };
		23186832E8AB90C2B2C4147DC068368E /* UIImageView+AFNetworking.h */ = {isa = PBXFileReference; includeInIndex = 1; lastKnownFileType = sourcecode.c.h; name = "UIImageView+AFNetworking.h"; path = "UIKit+AFNetworking/UIImageView+AFNetworking.h"; sourceTree = "<group>"; };
		2397C305F06ED2D73B4E58E761956B01 /* DDTTYLogger.h */ = {isa = PBXFileReference; includeInIndex = 1; lastKnownFileType = sourcecode.c.h; name = DDTTYLogger.h; path = Classes/DDTTYLogger.h; sourceTree = "<group>"; };
		2747CA40FEFFE6EDC8BFFC33F9FDA714 /* AFNetworkReachabilityManager.h */ = {isa = PBXFileReference; includeInIndex = 1; lastKnownFileType = sourcecode.c.h; name = AFNetworkReachabilityManager.h; path = AFNetworking/AFNetworkReachabilityManager.h; sourceTree = "<group>"; };
		31408CA5A76AB67C6C021893718AFA05 /* CoreGraphics.framework */ = {isa = PBXFileReference; lastKnownFileType = wrapper.framework; name = CoreGraphics.framework; path = Platforms/iPhoneOS.platform/Developer/SDKs/iPhoneOS10.3.sdk/System/Library/Frameworks/CoreGraphics.framework; sourceTree = DEVELOPER_DIR; };
		33AE2BA23B49E11D007995371B954CB1 /* MBProgressHUD.h */ = {isa = PBXFileReference; includeInIndex = 1; lastKnownFileType = sourcecode.c.h; path = MBProgressHUD.h; sourceTree = "<group>"; };
		33C6C440348C83D0772785BE770CB149 /* DDContextFilterLogFormatter.m */ = {isa = PBXFileReference; includeInIndex = 1; lastKnownFileType = sourcecode.c.objc; name = DDContextFilterLogFormatter.m; path = Classes/Extensions/DDContextFilterLogFormatter.m; sourceTree = "<group>"; };
		38D6CAEF1DC59D38B5F27E2E6DB1E1E0 /* UIButton+AFNetworking.m */ = {isa = PBXFileReference; includeInIndex = 1; lastKnownFileType = sourcecode.c.objc; name = "UIButton+AFNetworking.m"; path = "UIKit+AFNetworking/UIButton+AFNetworking.m"; sourceTree = "<group>"; };
		3DE11F8CBD89D7F1C39CEF6E50C26574 /* DDAbstractDatabaseLogger.m */ = {isa = PBXFileReference; includeInIndex = 1; lastKnownFileType = sourcecode.c.objc; name = DDAbstractDatabaseLogger.m; path = Classes/DDAbstractDatabaseLogger.m; sourceTree = "<group>"; };
		40E1A8D8627879F4224E7AB1DD78D0A9 /* AFNetworking-prefix.pch */ = {isa = PBXFileReference; includeInIndex = 1; lastKnownFileType = sourcecode.c.h; path = "AFNetworking-prefix.pch"; sourceTree = "<group>"; };
		449B6A18DACC20DD897F1C0529E7E236 /* CocoaLumberjack.xcconfig */ = {isa = PBXFileReference; includeInIndex = 1; lastKnownFileType = text.xcconfig; path = CocoaLumberjack.xcconfig; sourceTree = "<group>"; };
		4AB4D107C04367CC334E995F1EC4F907 /* Pods-neighbor-acknowledgements.plist */ = {isa = PBXFileReference; includeInIndex = 1; lastKnownFileType = text.plist.xml; path = "Pods-neighbor-acknowledgements.plist"; sourceTree = "<group>"; };
		4FD1F0848A5694319098FF531F573483 /* DDLogMacros.h */ = {isa = PBXFileReference; includeInIndex = 1; lastKnownFileType = sourcecode.c.h; name = DDLogMacros.h; path = Classes/DDLogMacros.h; sourceTree = "<group>"; };
		533D954CB07F6FCA4518FB4FF4F69097 /* libPods-neighbor.a */ = {isa = PBXFileReference; explicitFileType = archive.ar; includeInIndex = 0; name = "libPods-neighbor.a"; path = "libPods-neighbor.a"; sourceTree = BUILT_PRODUCTS_DIR; };
		55E6C32D6218FA40D7F2860B7876D0EB /* DDMultiFormatter.m */ = {isa = PBXFileReference; includeInIndex = 1; lastKnownFileType = sourcecode.c.objc; name = DDMultiFormatter.m; path = Classes/Extensions/DDMultiFormatter.m; sourceTree = "<group>"; };
		5609494F6AEB7F8B97182E598269E27C /* MBProgressHUD.m */ = {isa = PBXFileReference; includeInIndex = 1; lastKnownFileType = sourcecode.c.objc; path = MBProgressHUD.m; sourceTree = "<group>"; };
		56DB097D6A1E81CCD6FAAF3B0FDC557C /* AFAutoPurgingImageCache.m */ = {isa = PBXFileReference; includeInIndex = 1; lastKnownFileType = sourcecode.c.objc; name = AFAutoPurgingImageCache.m; path = "UIKit+AFNetworking/AFAutoPurgingImageCache.m"; sourceTree = "<group>"; };
		572E406BD91E982A8130212411E08CA3 /* CocoaLumberjack-dummy.m */ = {isa = PBXFileReference; includeInIndex = 1; lastKnownFileType = sourcecode.c.objc; path = "CocoaLumberjack-dummy.m"; sourceTree = "<group>"; };
		580A96AE5E2FC5DD0CB92856238D0851 /* DDLog.h */ = {isa = PBXFileReference; includeInIndex = 1; lastKnownFileType = sourcecode.c.h; name = DDLog.h; path = Classes/DDLog.h; sourceTree = "<group>"; };
		5AA4CD0D9AD4293BAB773A5C52B05F89 /* UIView+Toast.m */ = {isa = PBXFileReference; includeInIndex = 1; lastKnownFileType = sourcecode.c.objc; name = "UIView+Toast.m"; path = "Toast/Toast/UIView+Toast.m"; sourceTree = "<group>"; };
		5B2E5755556D030A26904AFE9254E169 /* Pods-neighbor-acknowledgements.markdown */ = {isa = PBXFileReference; includeInIndex = 1; lastKnownFileType = text; path = "Pods-neighbor-acknowledgements.markdown"; sourceTree = "<group>"; };
		5C0BA4F41899BF55A03A8543C9582109 /* AFNetworkActivityIndicatorManager.m */ = {isa = PBXFileReference; includeInIndex = 1; lastKnownFileType = sourcecode.c.objc; name = AFNetworkActivityIndicatorManager.m; path = "UIKit+AFNetworking/AFNetworkActivityIndicatorManager.m"; sourceTree = "<group>"; };
		5D3957E2CA5AF2D33C24B7CB4511359E /* QuartzCore.framework */ = {isa = PBXFileReference; lastKnownFileType = wrapper.framework; name = QuartzCore.framework; path = Platforms/iPhoneOS.platform/Developer/SDKs/iPhoneOS10.3.sdk/System/Library/Frameworks/QuartzCore.framework; sourceTree = DEVELOPER_DIR; };
		5D4BA921F5035E6A8FFF866CEFD148BD /* DDASLLogger.m */ = {isa = PBXFileReference; includeInIndex = 1; lastKnownFileType = sourcecode.c.objc; name = DDASLLogger.m; path = Classes/DDASLLogger.m; sourceTree = "<group>"; };
		5DF4A85301FCA2A976E858EF7B517810 /* UIActivityIndicatorView+AFNetworking.h */ = {isa = PBXFileReference; includeInIndex = 1; lastKnownFileType = sourcecode.c.h; name = "UIActivityIndicatorView+AFNetworking.h"; path = "UIKit+AFNetworking/UIActivityIndicatorView+AFNetworking.h"; sourceTree = "<group>"; };
		5E0A246A5DB9591F50F17C674884605C /* CocoaLumberjack.h */ = {isa = PBXFileReference; includeInIndex = 1; lastKnownFileType = sourcecode.c.h; name = CocoaLumberjack.h; path = Classes/CocoaLumberjack.h; sourceTree = "<group>"; };
		5E0F1B18576FD536BA854E23FF6A172D /* libCocoaLumberjack.a */ = {isa = PBXFileReference; explicitFileType = archive.ar; includeInIndex = 0; name = libCocoaLumberjack.a; path = libCocoaLumberjack.a; sourceTree = BUILT_PRODUCTS_DIR; };
		6016EE7029443581BB841B4A636E8A47 /* Pods-neighbor.release.xcconfig */ = {isa = PBXFileReference; includeInIndex = 1; lastKnownFileType = text.xcconfig; path = "Pods-neighbor.release.xcconfig"; sourceTree = "<group>"; };
		6546F90A062585D8B240649F083A87C8 /* AFNetworking-dummy.m */ = {isa = PBXFileReference; includeInIndex = 1; lastKnownFileType = sourcecode.c.objc; path = "AFNetworking-dummy.m"; sourceTree = "<group>"; };
		6704CD5491796880CA3268BA9C395557 /* UIWebView+AFNetworking.m */ = {isa = PBXFileReference; includeInIndex = 1; lastKnownFileType = sourcecode.c.objc; name = "UIWebView+AFNetworking.m"; path = "UIKit+AFNetworking/UIWebView+AFNetworking.m"; sourceTree = "<group>"; };
		679A7DAA68AFB1BFC60E89D148A84655 /* AFURLRequestSerialization.h */ = {isa = PBXFileReference; includeInIndex = 1; lastKnownFileType = sourcecode.c.h; name = AFURLRequestSerialization.h; path = AFNetworking/AFURLRequestSerialization.h; sourceTree = "<group>"; };
		67FC8B1B1B4EA33F93995CDD765D5DB8 /* DDAbstractDatabaseLogger.h */ = {isa = PBXFileReference; includeInIndex = 1; lastKnownFileType = sourcecode.c.h; name = DDAbstractDatabaseLogger.h; path = Classes/DDAbstractDatabaseLogger.h; sourceTree = "<group>"; };
		6C7C08F6154F6AA9BB26BA8DEB1F3434 /* UIImageView+AFNetworking.m */ = {isa = PBXFileReference; includeInIndex = 1; lastKnownFileType = sourcecode.c.objc; name = "UIImageView+AFNetworking.m"; path = "UIKit+AFNetworking/UIImageView+AFNetworking.m"; sourceTree = "<group>"; };
		6ECF797FBA01AA7BE193A598983039AE /* UIActivityIndicatorView+AFNetworking.m */ = {isa = PBXFileReference; includeInIndex = 1; lastKnownFileType = sourcecode.c.objc; name = "UIActivityIndicatorView+AFNetworking.m"; path = "UIKit+AFNetworking/UIActivityIndicatorView+AFNetworking.m"; sourceTree = "<group>"; };
		6F3023B9B15E2FA501270F2863EC329A /* DDOSLogger.h */ = {isa = PBXFileReference; includeInIndex = 1; lastKnownFileType = sourcecode.c.h; name = DDOSLogger.h; path = Classes/DDOSLogger.h; sourceTree = "<group>"; };
		7388090C433545B398800CA4827F1686 /* Toast.xcconfig */ = {isa = PBXFileReference; includeInIndex = 1; lastKnownFileType = text.xcconfig; path = Toast.xcconfig; sourceTree = "<group>"; };
		74452EBB0E1CE5D8D90A146273D569B2 /* AFSecurityPolicy.h */ = {isa = PBXFileReference; includeInIndex = 1; lastKnownFileType = sourcecode.c.h; name = AFSecurityPolicy.h; path = AFNetworking/AFSecurityPolicy.h; sourceTree = "<group>"; };
		76B9283890F0A26ED7127CBC77DAD26F /* Toast-dummy.m */ = {isa = PBXFileReference; includeInIndex = 1; lastKnownFileType = sourcecode.c.objc; path = "Toast-dummy.m"; sourceTree = "<group>"; };
		78DB23B6A6B6001F82BF8781657E3092 /* AFNetworkReachabilityManager.m */ = {isa = PBXFileReference; includeInIndex = 1; lastKnownFileType = sourcecode.c.objc; name = AFNetworkReachabilityManager.m; path = AFNetworking/AFNetworkReachabilityManager.m; sourceTree = "<group>"; };
		79357AFBBA45FCEB6C552FD428D8A933 /* UIImage+AFNetworking.h */ = {isa = PBXFileReference; includeInIndex = 1; lastKnownFileType = sourcecode.c.h; name = "UIImage+AFNetworking.h"; path = "UIKit+AFNetworking/UIImage+AFNetworking.h"; sourceTree = "<group>"; };
		79F5A7239E68AF0617B0F814DD031174 /* DDMultiFormatter.h */ = {isa = PBXFileReference; includeInIndex = 1; lastKnownFileType = sourcecode.c.h; name = DDMultiFormatter.h; path = Classes/Extensions/DDMultiFormatter.h; sourceTree = "<group>"; };
		7A8855D0C96E809AE2EA9D84FF6F1491 /* AFSecurityPolicy.m */ = {isa = PBXFileReference; includeInIndex = 1; lastKnownFileType = sourcecode.c.objc; name = AFSecurityPolicy.m; path = AFNetworking/AFSecurityPolicy.m; sourceTree = "<group>"; };
		823D44D4576FD04F03B98CA9E5195413 /* MBProgressHUD.xcconfig */ = {isa = PBXFileReference; includeInIndex = 1; lastKnownFileType = text.xcconfig; path = MBProgressHUD.xcconfig; sourceTree = "<group>"; };
		8C5E49F2F6D4AEFF9D2B5F4731575007 /* AFURLSessionManager.m */ = {isa = PBXFileReference; includeInIndex = 1; lastKnownFileType = sourcecode.c.objc; name = AFURLSessionManager.m; path = AFNetworking/AFURLSessionManager.m; sourceTree = "<group>"; };
		8C6AA0F6917A9452C858932B5F735470 /* Security.framework */ = {isa = PBXFileReference; lastKnownFileType = wrapper.framework; name = Security.framework; path = Platforms/iPhoneOS.platform/Developer/SDKs/iPhoneOS10.3.sdk/System/Library/Frameworks/Security.framework; sourceTree = DEVELOPER_DIR; };
		91E6064123C772C046F29B79B6934FEB /* AFHTTPSessionManager.m */ = {isa = PBXFileReference; includeInIndex = 1; lastKnownFileType = sourcecode.c.objc; name = AFHTTPSessionManager.m; path = AFNetworking/AFHTTPSessionManager.m; sourceTree = "<group>"; };
		93A4A3777CF96A4AAC1D13BA6DCCEA73 /* Podfile */ = {isa = PBXFileReference; explicitFileType = text.script.ruby; includeInIndex = 1; lastKnownFileType = text; name = Podfile; path = ../Podfile; sourceTree = SOURCE_ROOT; xcLanguageSpecificationIdentifier = xcode.lang.ruby; };
		9726226320933A13B85FB872D58C8D7C /* AFURLRequestSerialization.m */ = {isa = PBXFileReference; includeInIndex = 1; lastKnownFileType = sourcecode.c.objc; name = AFURLRequestSerialization.m; path = AFNetworking/AFURLRequestSerialization.m; sourceTree = "<group>"; };
		9926FD11CA63360BD6FB58AF088EC04F /* libAFNetworking.a */ = {isa = PBXFileReference; explicitFileType = archive.ar; includeInIndex = 0; name = libAFNetworking.a; path = libAFNetworking.a; sourceTree = BUILT_PRODUCTS_DIR; };
		9EC0F006C71FAA7F8F2FE5B31EE7D17D /* Pods-neighbor.debug.xcconfig */ = {isa = PBXFileReference; includeInIndex = 1; lastKnownFileType = text.xcconfig; path = "Pods-neighbor.debug.xcconfig"; sourceTree = "<group>"; };
		9EFB139EBCA354D9CEB357540F7B6E60 /* AFURLResponseSerialization.h */ = {isa = PBXFileReference; includeInIndex = 1; lastKnownFileType = sourcecode.c.h; name = AFURLResponseSerialization.h; path = AFNetworking/AFURLResponseSerialization.h; sourceTree = "<group>"; };
		9FB5A436D17516C21EB3B0FA59897B23 /* libToast.a */ = {isa = PBXFileReference; explicitFileType = archive.ar; includeInIndex = 0; name = libToast.a; path = libToast.a; sourceTree = BUILT_PRODUCTS_DIR; };
		A1ABB090CF4AA9C109EAB57955D182B1 /* AFNetworking.xcconfig */ = {isa = PBXFileReference; includeInIndex = 1; lastKnownFileType = text.xcconfig; path = AFNetworking.xcconfig; sourceTree = "<group>"; };
		A1F862ED7EE958BEBC6C6587F4A49DBF /* DDDispatchQueueLogFormatter.h */ = {isa = PBXFileReference; includeInIndex = 1; lastKnownFileType = sourcecode.c.h; name = DDDispatchQueueLogFormatter.h; path = Classes/Extensions/DDDispatchQueueLogFormatter.h; sourceTree = "<group>"; };
		A46317A619996A2F3CCD6506F3FA0E9A /* DDASLLogCapture.h */ = {isa = PBXFileReference; includeInIndex = 1; lastKnownFileType = sourcecode.c.h; name = DDASLLogCapture.h; path = Classes/DDASLLogCapture.h; sourceTree = "<group>"; };
		A7491EF04C085CCEEA2A19410020C3A4 /* DDLog.m */ = {isa = PBXFileReference; includeInIndex = 1; lastKnownFileType = sourcecode.c.objc; name = DDLog.m; path = Classes/DDLog.m; sourceTree = "<group>"; };
		A9346753A7D026CE923B36151AD5E768 /* Pods-neighbor-resources.sh */ = {isa = PBXFileReference; includeInIndex = 1; lastKnownFileType = text.script.sh; path = "Pods-neighbor-resources.sh"; sourceTree = "<group>"; };
		AEF9EA0FC0ECB0A32C81938D5DCB669F /* UIWebView+AFNetworking.h */ = {isa = PBXFileReference; includeInIndex = 1; lastKnownFileType = sourcecode.c.h; name = "UIWebView+AFNetworking.h"; path = "UIKit+AFNetworking/UIWebView+AFNetworking.h"; sourceTree = "<group>"; };
		B9CFDC89C46BB00EE52365C53F4395A5 /* UIProgressView+AFNetworking.h */ = {isa = PBXFileReference; includeInIndex = 1; lastKnownFileType = sourcecode.c.h; name = "UIProgressView+AFNetworking.h"; path = "UIKit+AFNetworking/UIProgressView+AFNetworking.h"; sourceTree = "<group>"; };
		C0A1345FEFEC0F06215BC6D9B11906FF /* DDASLLogger.h */ = {isa = PBXFileReference; includeInIndex = 1; lastKnownFileType = sourcecode.c.h; name = DDASLLogger.h; path = Classes/DDASLLogger.h; sourceTree = "<group>"; };
		C22A8F758B40279204119099DBA481B5 /* Pods-neighbor-dummy.m */ = {isa = PBXFileReference; includeInIndex = 1; lastKnownFileType = sourcecode.c.objc; path = "Pods-neighbor-dummy.m"; sourceTree = "<group>"; };
		C24D01347FC3FD01E6E98D3B1772D2A8 /* AFImageDownloader.m */ = {isa = PBXFileReference; includeInIndex = 1; lastKnownFileType = sourcecode.c.objc; name = AFImageDownloader.m; path = "UIKit+AFNetworking/AFImageDownloader.m"; sourceTree = "<group>"; };
		C31B176DA3D571754E6E5B2E051983C6 /* DDContextFilterLogFormatter.h */ = {isa = PBXFileReference; includeInIndex = 1; lastKnownFileType = sourcecode.c.h; name = DDContextFilterLogFormatter.h; path = Classes/Extensions/DDContextFilterLogFormatter.h; sourceTree = "<group>"; };
		CD9D91218040CF0137ECB89855991421 /* DDTTYLogger.m */ = {isa = PBXFileReference; includeInIndex = 1; lastKnownFileType = sourcecode.c.objc; name = DDTTYLogger.m; path = Classes/DDTTYLogger.m; sourceTree = "<group>"; };
		CEBB8FE4DEE11FDD940FF25CA83A685E /* DDFileLogger.h */ = {isa = PBXFileReference; includeInIndex = 1; lastKnownFileType = sourcecode.c.h; name = DDFileLogger.h; path = Classes/DDFileLogger.h; sourceTree = "<group>"; };
		D0F6B76E90181A98CB502FDA9E8AE5B5 /* CocoaLumberjack-prefix.pch */ = {isa = PBXFileReference; includeInIndex = 1; lastKnownFileType = sourcecode.c.h; path = "CocoaLumberjack-prefix.pch"; sourceTree = "<group>"; };
		D3EDB3770F733F5A1CDD6811EE454628 /* MobileCoreServices.framework */ = {isa = PBXFileReference; lastKnownFileType = wrapper.framework; name = MobileCoreServices.framework; path = Platforms/iPhoneOS.platform/Developer/SDKs/iPhoneOS10.3.sdk/System/Library/Frameworks/MobileCoreServices.framework; sourceTree = DEVELOPER_DIR; };
		D69AC1B584B417B7533FA4F3B581C063 /* SystemConfiguration.framework */ = {isa = PBXFileReference; lastKnownFileType = wrapper.framework; name = SystemConfiguration.framework; path = Platforms/iPhoneOS.platform/Developer/SDKs/iPhoneOS10.3.sdk/System/Library/Frameworks/SystemConfiguration.framework; sourceTree = DEVELOPER_DIR; };
		D7EC600433FC5D4713B7A2600D55E1A0 /* DDAssertMacros.h */ = {isa = PBXFileReference; includeInIndex = 1; lastKnownFileType = sourcecode.c.h; name = DDAssertMacros.h; path = Classes/DDAssertMacros.h; sourceTree = "<group>"; };
		E192D700C4F4891C07B158B553ED1557 /* DDFileLogger.m */ = {isa = PBXFileReference; includeInIndex = 1; lastKnownFileType = sourcecode.c.objc; name = DDFileLogger.m; path = Classes/DDFileLogger.m; sourceTree = "<group>"; };
		E2AEDD9D3877F4BEEB9EBD8146340496 /* DDLog+LOGV.h */ = {isa = PBXFileReference; includeInIndex = 1; lastKnownFileType = sourcecode.c.h; name = "DDLog+LOGV.h"; path = "Classes/DDLog+LOGV.h"; sourceTree = "<group>"; };
		E3E59A85035B52FB40CF9F6FD71EBA5B /* UIView+Toast.h */ = {isa = PBXFileReference; includeInIndex = 1; lastKnownFileType = sourcecode.c.h; name = "UIView+Toast.h"; path = "Toast/Toast/UIView+Toast.h"; sourceTree = "<group>"; };
		E472AB7D0FE176A26D2C564E8C688422 /* Pods-neighbor-frameworks.sh */ = {isa = PBXFileReference; includeInIndex = 1; lastKnownFileType = text.script.sh; path = "Pods-neighbor-frameworks.sh"; sourceTree = "<group>"; };
		E64E25511FE70850C9A5FAE4B4B027FE /* DDASLLogCapture.m */ = {isa = PBXFileReference; includeInIndex = 1; lastKnownFileType = sourcecode.c.objc; name = DDASLLogCapture.m; path = Classes/DDASLLogCapture.m; sourceTree = "<group>"; };
		E7ACC5B22B4EC6455AF2A41B92A83FEA /* AFURLSessionManager.h */ = {isa = PBXFileReference; includeInIndex = 1; lastKnownFileType = sourcecode.c.h; name = AFURLSessionManager.h; path = AFNetworking/AFURLSessionManager.h; sourceTree = "<group>"; };
		EEAA1267D1F0C62C9657EFF87DC6E951 /* AFAutoPurgingImageCache.h */ = {isa = PBXFileReference; includeInIndex = 1; lastKnownFileType = sourcecode.c.h; name = AFAutoPurgingImageCache.h; path = "UIKit+AFNetworking/AFAutoPurgingImageCache.h"; sourceTree = "<group>"; };
		F78E6A4D4A0734D5BE3305820AB90E0D /* DDLegacyMacros.h */ = {isa = PBXFileReference; includeInIndex = 1; lastKnownFileType = sourcecode.c.h; name = DDLegacyMacros.h; path = Classes/DDLegacyMacros.h; sourceTree = "<group>"; };
		FCE67DA7B00159D0CD9F25490BF1466A /* UIRefreshControl+AFNetworking.h */ = {isa = PBXFileReference; includeInIndex = 1; lastKnownFileType = sourcecode.c.h; name = "UIRefreshControl+AFNetworking.h"; path = "UIKit+AFNetworking/UIRefreshControl+AFNetworking.h"; sourceTree = "<group>"; };
		FEC0B332C068D9868DFB648F9580B068 /* UIButton+AFNetworking.h */ = {isa = PBXFileReference; includeInIndex = 1; lastKnownFileType = sourcecode.c.h; name = "UIButton+AFNetworking.h"; path = "UIKit+AFNetworking/UIButton+AFNetworking.h"; sourceTree = "<group>"; };
/* End PBXFileReference section */

/* Begin PBXFrameworksBuildPhase section */
		9AF1B599A5BCAE0081FACB0CF30D9712 /* Frameworks */ = {
			isa = PBXFrameworksBuildPhase;
			buildActionMask = 2147483647;
			files = (
				10811A0C5774FFFBF1B763FA38A4BF7C /* Foundation.framework in Frameworks */,
			);
			runOnlyForDeploymentPostprocessing = 0;
		};
		A7C35FE8E18CA9E63A4C9C59AC1042E9 /* Frameworks */ = {
			isa = PBXFrameworksBuildPhase;
			buildActionMask = 2147483647;
			files = (
				B6C2AC08E8880FF4EE334B55F99267B7 /* Foundation.framework in Frameworks */,
			);
			runOnlyForDeploymentPostprocessing = 0;
		};
		B2A1EF75EDE2D7BDD8B81A62DC8251FC /* Frameworks */ = {
			isa = PBXFrameworksBuildPhase;
			buildActionMask = 2147483647;
			files = (
				7A33078695C3B82554F13F105AB1D5F7 /* Foundation.framework in Frameworks */,
				15424E7E9C2D033FAEAEB69C50C37E5F /* QuartzCore.framework in Frameworks */,
			);
			runOnlyForDeploymentPostprocessing = 0;
		};
		F3284DBE3CA8932733932AD2A48445B2 /* Frameworks */ = {
			isa = PBXFrameworksBuildPhase;
			buildActionMask = 2147483647;
			files = (
				CBCCEAD402645565401CA93924736979 /* CoreGraphics.framework in Frameworks */,
				0214246CCB1FF7182F7222B9CCDF8FCB /* Foundation.framework in Frameworks */,
				F8DCA6C3C05A59B2C95A1B5F1CBD8C99 /* MobileCoreServices.framework in Frameworks */,
				DE825B8F32AB823F4BE5492CAC6FCB4B /* Security.framework in Frameworks */,
				903158692A045396106CA22C0DD13BA6 /* SystemConfiguration.framework in Frameworks */,
			);
			runOnlyForDeploymentPostprocessing = 0;
		};
		F9AC974E3329F79899A7B3BE290FC894 /* Frameworks */ = {
			isa = PBXFrameworksBuildPhase;
			buildActionMask = 2147483647;
			files = (
				1C76817FA5353D989D7BC33E8C5997B5 /* CoreGraphics.framework in Frameworks */,
				93F12B05D8333C37D9CBEA3D1782CC04 /* Foundation.framework in Frameworks */,
				7291E906AE8A3C1F92183154FE65DCDD /* QuartzCore.framework in Frameworks */,
			);
			runOnlyForDeploymentPostprocessing = 0;
		};
/* End PBXFrameworksBuildPhase section */

/* Begin PBXGroup section */
		0F75DF6C7C5F002280EC53F48E80B587 /* Frameworks */ = {
			isa = PBXGroup;
			children = (
				53A4326D1DD5C1EAF1E6FD9F8841D4D4 /* iOS */,
			);
			name = Frameworks;
			sourceTree = "<group>";
		};
		1C5F401963A528C82379D08BAA6FF066 /* Support Files */ = {
			isa = PBXGroup;
			children = (
				823D44D4576FD04F03B98CA9E5195413 /* MBProgressHUD.xcconfig */,
				0113C28D5B4F9C9B2153A9722D404CB5 /* MBProgressHUD-dummy.m */,
				1BFFAF4DF014A5E40A3655D8928DFB0E /* MBProgressHUD-prefix.pch */,
			);
			name = "Support Files";
			path = "../Target Support Files/MBProgressHUD";
			sourceTree = "<group>";
		};
		2E14B8D004D3809CA9B2F08FC178396D /* CocoaLumberjack */ = {
			isa = PBXGroup;
			children = (
				3DAD2596E125612D892BDD26250343EC /* Default */,
				37157D9C2A157B55FEF9B36179405437 /* Extensions */,
				46398C581E3C50C127BB4B2E6BE1CC0D /* Support Files */,
			);
			name = CocoaLumberjack;
			path = CocoaLumberjack;
			sourceTree = "<group>";
		};
		3464B516961B216CB6FA840862A6994F /* UIKit */ = {
			isa = PBXGroup;
			children = (
				EEAA1267D1F0C62C9657EFF87DC6E951 /* AFAutoPurgingImageCache.h */,
				56DB097D6A1E81CCD6FAAF3B0FDC557C /* AFAutoPurgingImageCache.m */,
				12D6EBDE0C0F3982E041F5DEE4A28848 /* AFImageDownloader.h */,
				C24D01347FC3FD01E6E98D3B1772D2A8 /* AFImageDownloader.m */,
				1930A837EAC492189956110C47B2AF42 /* AFNetworkActivityIndicatorManager.h */,
				5C0BA4F41899BF55A03A8543C9582109 /* AFNetworkActivityIndicatorManager.m */,
				5DF4A85301FCA2A976E858EF7B517810 /* UIActivityIndicatorView+AFNetworking.h */,
				6ECF797FBA01AA7BE193A598983039AE /* UIActivityIndicatorView+AFNetworking.m */,
				FEC0B332C068D9868DFB648F9580B068 /* UIButton+AFNetworking.h */,
				38D6CAEF1DC59D38B5F27E2E6DB1E1E0 /* UIButton+AFNetworking.m */,
				79357AFBBA45FCEB6C552FD428D8A933 /* UIImage+AFNetworking.h */,
				23186832E8AB90C2B2C4147DC068368E /* UIImageView+AFNetworking.h */,
				6C7C08F6154F6AA9BB26BA8DEB1F3434 /* UIImageView+AFNetworking.m */,
				09C086AABF6A93A5A6823E7522460C41 /* UIKit+AFNetworking.h */,
				B9CFDC89C46BB00EE52365C53F4395A5 /* UIProgressView+AFNetworking.h */,
				1CF8F75558669815E15AA65D84FF4213 /* UIProgressView+AFNetworking.m */,
				FCE67DA7B00159D0CD9F25490BF1466A /* UIRefreshControl+AFNetworking.h */,
				18E3AB38025570A5FEE8821B927C5124 /* UIRefreshControl+AFNetworking.m */,
				AEF9EA0FC0ECB0A32C81938D5DCB669F /* UIWebView+AFNetworking.h */,
				6704CD5491796880CA3268BA9C395557 /* UIWebView+AFNetworking.m */,
			);
			name = UIKit;
			sourceTree = "<group>";
		};
		37157D9C2A157B55FEF9B36179405437 /* Extensions */ = {
			isa = PBXGroup;
			children = (
				C31B176DA3D571754E6E5B2E051983C6 /* DDContextFilterLogFormatter.h */,
				33C6C440348C83D0772785BE770CB149 /* DDContextFilterLogFormatter.m */,
				A1F862ED7EE958BEBC6C6587F4A49DBF /* DDDispatchQueueLogFormatter.h */,
				071A2E1B8F2AE22F70AE63808D1ED65C /* DDDispatchQueueLogFormatter.m */,
				79F5A7239E68AF0617B0F814DD031174 /* DDMultiFormatter.h */,
				55E6C32D6218FA40D7F2860B7876D0EB /* DDMultiFormatter.m */,
			);
			name = Extensions;
			sourceTree = "<group>";
		};
		3DAD2596E125612D892BDD26250343EC /* Default */ = {
			isa = PBXGroup;
			children = (
				5E0A246A5DB9591F50F17C674884605C /* CocoaLumberjack.h */,
				67FC8B1B1B4EA33F93995CDD765D5DB8 /* DDAbstractDatabaseLogger.h */,
				3DE11F8CBD89D7F1C39CEF6E50C26574 /* DDAbstractDatabaseLogger.m */,
				A46317A619996A2F3CCD6506F3FA0E9A /* DDASLLogCapture.h */,
				E64E25511FE70850C9A5FAE4B4B027FE /* DDASLLogCapture.m */,
				C0A1345FEFEC0F06215BC6D9B11906FF /* DDASLLogger.h */,
				5D4BA921F5035E6A8FFF866CEFD148BD /* DDASLLogger.m */,
				D7EC600433FC5D4713B7A2600D55E1A0 /* DDAssertMacros.h */,
				CEBB8FE4DEE11FDD940FF25CA83A685E /* DDFileLogger.h */,
				E192D700C4F4891C07B158B553ED1557 /* DDFileLogger.m */,
				F78E6A4D4A0734D5BE3305820AB90E0D /* DDLegacyMacros.h */,
				580A96AE5E2FC5DD0CB92856238D0851 /* DDLog.h */,
				A7491EF04C085CCEEA2A19410020C3A4 /* DDLog.m */,
				E2AEDD9D3877F4BEEB9EBD8146340496 /* DDLog+LOGV.h */,
				4FD1F0848A5694319098FF531F573483 /* DDLogMacros.h */,
				6F3023B9B15E2FA501270F2863EC329A /* DDOSLogger.h */,
				0F034DC85B9D22BEC3250F03A07D9EEB /* DDOSLogger.m */,
				2397C305F06ED2D73B4E58E761956B01 /* DDTTYLogger.h */,
				CD9D91218040CF0137ECB89855991421 /* DDTTYLogger.m */,
			);
			name = Default;
			sourceTree = "<group>";
		};
		46398C581E3C50C127BB4B2E6BE1CC0D /* Support Files */ = {
			isa = PBXGroup;
			children = (
				449B6A18DACC20DD897F1C0529E7E236 /* CocoaLumberjack.xcconfig */,
				572E406BD91E982A8130212411E08CA3 /* CocoaLumberjack-dummy.m */,
				D0F6B76E90181A98CB502FDA9E8AE5B5 /* CocoaLumberjack-prefix.pch */,
			);
			name = "Support Files";
			path = "../Target Support Files/CocoaLumberjack";
			sourceTree = "<group>";
		};
		53A4326D1DD5C1EAF1E6FD9F8841D4D4 /* iOS */ = {
			isa = PBXGroup;
			children = (
				31408CA5A76AB67C6C021893718AFA05 /* CoreGraphics.framework */,
				0545E2AAEDFCFAF805E98D16741B0FFD /* Foundation.framework */,
				D3EDB3770F733F5A1CDD6811EE454628 /* MobileCoreServices.framework */,
				5D3957E2CA5AF2D33C24B7CB4511359E /* QuartzCore.framework */,
				8C6AA0F6917A9452C858932B5F735470 /* Security.framework */,
				D69AC1B584B417B7533FA4F3B581C063 /* SystemConfiguration.framework */,
			);
			name = iOS;
			sourceTree = "<group>";
		};
		53C79AB8C4DCCAD015478F57A54F0D14 /* Toast */ = {
			isa = PBXGroup;
			children = (
				E3E59A85035B52FB40CF9F6FD71EBA5B /* UIView+Toast.h */,
				5AA4CD0D9AD4293BAB773A5C52B05F89 /* UIView+Toast.m */,
				CF6325A54F1ADC47441DD510BE4EEB1B /* Support Files */,
			);
			name = Toast;
			path = Toast;
			sourceTree = "<group>";
		};
		780747BEBA6D85D8A9719CC4236DD72F /* AFNetworking */ = {
			isa = PBXGroup;
			children = (
				10A04858868C132A251A430DB830B28D /* AFNetworking.h */,
				AFF0B8D668DF209171825830DA7A5679 /* NSURLSession */,
				DE313BA994B44E1BB93DC2126EED0947 /* Reachability */,
				92883D6B70655EA9DC378E601BBF8F70 /* Security */,
				B532E1BDFF77778FFC5C792AA429CCC3 /* Serialization */,
				BD11B7093E0126808C15FCAAE444A9BE /* Support Files */,
				3464B516961B216CB6FA840862A6994F /* UIKit */,
			);
			name = AFNetworking;
			path = AFNetworking;
			sourceTree = "<group>";
		};
		7C07794DD69F4B61BAFC15B4108C9542 /* Products */ = {
			isa = PBXGroup;
			children = (
				9926FD11CA63360BD6FB58AF088EC04F /* libAFNetworking.a */,
				5E0F1B18576FD536BA854E23FF6A172D /* libCocoaLumberjack.a */,
				0778ADB0C31572A5783EF6B60858DF80 /* libMBProgressHUD.a */,
				533D954CB07F6FCA4518FB4FF4F69097 /* libPods-neighbor.a */,
				9FB5A436D17516C21EB3B0FA59897B23 /* libToast.a */,
			);
			name = Products;
			sourceTree = "<group>";
		};
		7DB346D0F39D3F0E887471402A8071AB = {
			isa = PBXGroup;
			children = (
				93A4A3777CF96A4AAC1D13BA6DCCEA73 /* Podfile */,
				0F75DF6C7C5F002280EC53F48E80B587 /* Frameworks */,
				C7B7768E8EC5B841814859B4D68F2F22 /* Pods */,
				7C07794DD69F4B61BAFC15B4108C9542 /* Products */,
				8D08E2B9389D58033A20075DFF46C46E /* Targets Support Files */,
			);
			sourceTree = "<group>";
		};
		8D08E2B9389D58033A20075DFF46C46E /* Targets Support Files */ = {
			isa = PBXGroup;
			children = (
				DB7EE1BCB27CCA6C179937D43A402967 /* Pods-neighbor */,
			);
			name = "Targets Support Files";
			sourceTree = "<group>";
		};
		92883D6B70655EA9DC378E601BBF8F70 /* Security */ = {
			isa = PBXGroup;
			children = (
				74452EBB0E1CE5D8D90A146273D569B2 /* AFSecurityPolicy.h */,
				7A8855D0C96E809AE2EA9D84FF6F1491 /* AFSecurityPolicy.m */,
			);
			name = Security;
			sourceTree = "<group>";
		};
		AFF0B8D668DF209171825830DA7A5679 /* NSURLSession */ = {
			isa = PBXGroup;
			children = (
				01B6F86F4B7DF49C54BCE1F2FFFE6594 /* AFHTTPSessionManager.h */,
				91E6064123C772C046F29B79B6934FEB /* AFHTTPSessionManager.m */,
				E7ACC5B22B4EC6455AF2A41B92A83FEA /* AFURLSessionManager.h */,
				8C5E49F2F6D4AEFF9D2B5F4731575007 /* AFURLSessionManager.m */,
			);
			name = NSURLSession;
			sourceTree = "<group>";
		};
		B532E1BDFF77778FFC5C792AA429CCC3 /* Serialization */ = {
			isa = PBXGroup;
			children = (
				679A7DAA68AFB1BFC60E89D148A84655 /* AFURLRequestSerialization.h */,
				9726226320933A13B85FB872D58C8D7C /* AFURLRequestSerialization.m */,
				9EFB139EBCA354D9CEB357540F7B6E60 /* AFURLResponseSerialization.h */,
				1A84D26D142C0AE6AD36C5F71E7087C5 /* AFURLResponseSerialization.m */,
			);
			name = Serialization;
			sourceTree = "<group>";
		};
		BD11B7093E0126808C15FCAAE444A9BE /* Support Files */ = {
			isa = PBXGroup;
			children = (
				A1ABB090CF4AA9C109EAB57955D182B1 /* AFNetworking.xcconfig */,
				6546F90A062585D8B240649F083A87C8 /* AFNetworking-dummy.m */,
				40E1A8D8627879F4224E7AB1DD78D0A9 /* AFNetworking-prefix.pch */,
			);
			name = "Support Files";
			path = "../Target Support Files/AFNetworking";
			sourceTree = "<group>";
		};
		BFF3BBC745C36A4A08EB3DBAF0C97FA7 /* MBProgressHUD */ = {
			isa = PBXGroup;
			children = (
				33AE2BA23B49E11D007995371B954CB1 /* MBProgressHUD.h */,
				5609494F6AEB7F8B97182E598269E27C /* MBProgressHUD.m */,
				1C5F401963A528C82379D08BAA6FF066 /* Support Files */,
			);
			name = MBProgressHUD;
			path = MBProgressHUD;
			sourceTree = "<group>";
		};
		C7B7768E8EC5B841814859B4D68F2F22 /* Pods */ = {
			isa = PBXGroup;
			children = (
				780747BEBA6D85D8A9719CC4236DD72F /* AFNetworking */,
				2E14B8D004D3809CA9B2F08FC178396D /* CocoaLumberjack */,
				BFF3BBC745C36A4A08EB3DBAF0C97FA7 /* MBProgressHUD */,
				53C79AB8C4DCCAD015478F57A54F0D14 /* Toast */,
			);
			name = Pods;
			sourceTree = "<group>";
		};
		CF6325A54F1ADC47441DD510BE4EEB1B /* Support Files */ = {
			isa = PBXGroup;
			children = (
				7388090C433545B398800CA4827F1686 /* Toast.xcconfig */,
				76B9283890F0A26ED7127CBC77DAD26F /* Toast-dummy.m */,
				12CAC80D8B498391F9FCC4428B7AFB95 /* Toast-prefix.pch */,
			);
			name = "Support Files";
			path = "../Target Support Files/Toast";
			sourceTree = "<group>";
		};
		DB7EE1BCB27CCA6C179937D43A402967 /* Pods-neighbor */ = {
			isa = PBXGroup;
			children = (
				5B2E5755556D030A26904AFE9254E169 /* Pods-neighbor-acknowledgements.markdown */,
				4AB4D107C04367CC334E995F1EC4F907 /* Pods-neighbor-acknowledgements.plist */,
				C22A8F758B40279204119099DBA481B5 /* Pods-neighbor-dummy.m */,
				E472AB7D0FE176A26D2C564E8C688422 /* Pods-neighbor-frameworks.sh */,
				A9346753A7D026CE923B36151AD5E768 /* Pods-neighbor-resources.sh */,
				9EC0F006C71FAA7F8F2FE5B31EE7D17D /* Pods-neighbor.debug.xcconfig */,
				6016EE7029443581BB841B4A636E8A47 /* Pods-neighbor.release.xcconfig */,
			);
			name = "Pods-neighbor";
			path = "Target Support Files/Pods-neighbor";
			sourceTree = "<group>";
		};
		DE313BA994B44E1BB93DC2126EED0947 /* Reachability */ = {
			isa = PBXGroup;
			children = (
				2747CA40FEFFE6EDC8BFFC33F9FDA714 /* AFNetworkReachabilityManager.h */,
				78DB23B6A6B6001F82BF8781657E3092 /* AFNetworkReachabilityManager.m */,
			);
			name = Reachability;
			sourceTree = "<group>";
		};
/* End PBXGroup section */

/* Begin PBXHeadersBuildPhase section */
		0A1C2B07813030B0D51EB1D804A4439E /* Headers */ = {
			isa = PBXHeadersBuildPhase;
			buildActionMask = 2147483647;
			files = (
				F1F93EE1AA5E870F2CE81325CE9EB643 /* AFAutoPurgingImageCache.h in Headers */,
				6B71CE5BA32574F407349C1DA20605B4 /* AFHTTPSessionManager.h in Headers */,
				707E818332E5033501DF2D7826C639DF /* AFImageDownloader.h in Headers */,
				E7B0270BEDCBE116DDD853F76E27B0BA /* AFNetworkActivityIndicatorManager.h in Headers */,
				46401F3C7FF0B0CFE2E9B14914780835 /* AFNetworking.h in Headers */,
				DE31BBF6A7963C5871A19655EF5532BE /* AFNetworkReachabilityManager.h in Headers */,
				D59FC98A74E440C4725B6FDC28F5951E /* AFSecurityPolicy.h in Headers */,
				C1C0D7C93BF3DE14A26757273598D0FA /* AFURLRequestSerialization.h in Headers */,
				66635EAAE52FF5571DBCDC626FB8CA86 /* AFURLResponseSerialization.h in Headers */,
				F5CC06F3E0C232483A72DCCFAF393BE0 /* AFURLSessionManager.h in Headers */,
				682B0E603612B6ADBCCF30580F9A4B09 /* UIActivityIndicatorView+AFNetworking.h in Headers */,
				2EBAA518CB8B2DAF89A63637091D4615 /* UIButton+AFNetworking.h in Headers */,
				1341A7AC2439CB63D459D32EF985A414 /* UIImage+AFNetworking.h in Headers */,
				D5CB999FB5FC80FC126A38AB4DF12227 /* UIImageView+AFNetworking.h in Headers */,
				5719F06B809080CDEF7E6BC75DEA1A3C /* UIKit+AFNetworking.h in Headers */,
				B40756412613B53C80EE77C4C223990F /* UIProgressView+AFNetworking.h in Headers */,
				F099E5987DD80E8D78E909AF81D3C587 /* UIRefreshControl+AFNetworking.h in Headers */,
				8958F2453EEBAF71BFEBD78FB48986EC /* UIWebView+AFNetworking.h in Headers */,
			);
			runOnlyForDeploymentPostprocessing = 0;
		};
		1B1D84BCA4F7BDAE79C37DF88C9DCE23 /* Headers */ = {
			isa = PBXHeadersBuildPhase;
			buildActionMask = 2147483647;
			files = (
				EA321C98029015AA4895C0B26891D8F8 /* MBProgressHUD.h in Headers */,
			);
			runOnlyForDeploymentPostprocessing = 0;
		};
		42D2C7BF8B1FCBE08D8661C1A6985D1A /* Headers */ = {
			isa = PBXHeadersBuildPhase;
			buildActionMask = 2147483647;
			files = (
				1189D8C6CB46D0FAADDF509C7DC3F082 /* CocoaLumberjack.h in Headers */,
				DF84D530DF2BC33EEA61C6389AB1F746 /* DDAbstractDatabaseLogger.h in Headers */,
				8FF0F792D87F0F5A6F1578BEA3F04DCE /* DDASLLogCapture.h in Headers */,
				A4B7EF6C5296F8B175118340855DD9AF /* DDASLLogger.h in Headers */,
				ABB00A9FAB46BA0C44BF972CF261A764 /* DDAssertMacros.h in Headers */,
				55359F5DE0FAA9C383FECF4EE275DA6F /* DDContextFilterLogFormatter.h in Headers */,
				9E4074EE1199C4B07D01D2B7C820BA60 /* DDDispatchQueueLogFormatter.h in Headers */,
				3441D7B7F5F9A88883353237766D9FAD /* DDFileLogger.h in Headers */,
				246F324F191688B9EC06AEA374758D2D /* DDLegacyMacros.h in Headers */,
				8BB083D4FDC1F872F0F0246C9EB3A522 /* DDLog+LOGV.h in Headers */,
				9505573B785699BF7175E70041928F60 /* DDLog.h in Headers */,
				F8D81E38BCC185BDCC5D8D6F466C077C /* DDLogMacros.h in Headers */,
				3BE590C43F6CF35CDF07D6A96A161C0E /* DDMultiFormatter.h in Headers */,
				2CD4F9B309F4DDA82DD35DB3E3375277 /* DDOSLogger.h in Headers */,
				A90F92B6D535965E7E26E66001040594 /* DDTTYLogger.h in Headers */,
			);
			runOnlyForDeploymentPostprocessing = 0;
		};
		85A840667FB0243518BA781B9884E4DC /* Headers */ = {
			isa = PBXHeadersBuildPhase;
			buildActionMask = 2147483647;
			files = (
				D3A1FAAF072B76DE1EDF2F169780D187 /* UIView+Toast.h in Headers */,
			);
			runOnlyForDeploymentPostprocessing = 0;
		};
/* End PBXHeadersBuildPhase section */

/* Begin PBXNativeTarget section */
		586F2DFA9BDCC6675C2546793A69E5CC /* MBProgressHUD */ = {
			isa = PBXNativeTarget;
			buildConfigurationList = 6B44251FA50022CA55D4B2FBE1468C76 /* Build configuration list for PBXNativeTarget "MBProgressHUD" */;
			buildPhases = (
				7E4305B404C5BA5156646C69578ADD62 /* Sources */,
				F9AC974E3329F79899A7B3BE290FC894 /* Frameworks */,
				1B1D84BCA4F7BDAE79C37DF88C9DCE23 /* Headers */,
			);
			buildRules = (
			);
			dependencies = (
			);
			name = MBProgressHUD;
			productName = MBProgressHUD;
			productReference = 0778ADB0C31572A5783EF6B60858DF80 /* libMBProgressHUD.a */;
			productType = "com.apple.product-type.library.static";
		};
		9E033EDB5EC0819481B0546434FA577B /* AFNetworking */ = {
			isa = PBXNativeTarget;
			buildConfigurationList = 483FBC4A668BF7F1A8767452E7E188AC /* Build configuration list for PBXNativeTarget "AFNetworking" */;
			buildPhases = (
				0068413C89BADAAF4691AA78AFE62C3E /* Sources */,
				F3284DBE3CA8932733932AD2A48445B2 /* Frameworks */,
				0A1C2B07813030B0D51EB1D804A4439E /* Headers */,
			);
			buildRules = (
			);
			dependencies = (
			);
			name = AFNetworking;
			productName = AFNetworking;
			productReference = 9926FD11CA63360BD6FB58AF088EC04F /* libAFNetworking.a */;
			productType = "com.apple.product-type.library.static";
		};
		A28D32779B867F2AF99E47B9525994CC /* Pods-neighbor */ = {
			isa = PBXNativeTarget;
			buildConfigurationList = 06FE5ED8F5BC86BD7790BD4F1C5EB7B7 /* Build configuration list for PBXNativeTarget "Pods-neighbor" */;
			buildPhases = (
				702486019088A2037A41C725FEF4AB81 /* Sources */,
				A7C35FE8E18CA9E63A4C9C59AC1042E9 /* Frameworks */,
			);
			buildRules = (
			);
			dependencies = (
				48541BF956CC5713FA85CC6647D681FE /* PBXTargetDependency */,
				69B88A488FC4022D856878DC5CBDA77B /* PBXTargetDependency */,
				E5F41B299C413BB5FE0BA5DEBE5B2B2F /* PBXTargetDependency */,
				53AE95701810C641EC419FA0C0759D83 /* PBXTargetDependency */,
			);
			name = "Pods-neighbor";
			productName = "Pods-neighbor";
			productReference = 533D954CB07F6FCA4518FB4FF4F69097 /* libPods-neighbor.a */;
			productType = "com.apple.product-type.library.static";
		};
		A9D9DCCE5442795D0AD9E99D86389328 /* CocoaLumberjack */ = {
			isa = PBXNativeTarget;
			buildConfigurationList = 8A9B5D67A449F89CF01669103DECD4BC /* Build configuration list for PBXNativeTarget "CocoaLumberjack" */;
			buildPhases = (
				80A45846B04ED12BC4EBA15AE58930E0 /* Sources */,
				9AF1B599A5BCAE0081FACB0CF30D9712 /* Frameworks */,
				42D2C7BF8B1FCBE08D8661C1A6985D1A /* Headers */,
			);
			buildRules = (
			);
			dependencies = (
			);
			name = CocoaLumberjack;
			productName = CocoaLumberjack;
			productReference = 5E0F1B18576FD536BA854E23FF6A172D /* libCocoaLumberjack.a */;
			productType = "com.apple.product-type.library.static";
		};
		F2E5D914BCDF4052BDF1CF92E26EF050 /* Toast */ = {
			isa = PBXNativeTarget;
			buildConfigurationList = 85512B7087BCEA40E1E7C061B3AE7847 /* Build configuration list for PBXNativeTarget "Toast" */;
			buildPhases = (
				3BC6CB2EB1542ACC480E8227CC72A9FA /* Sources */,
				B2A1EF75EDE2D7BDD8B81A62DC8251FC /* Frameworks */,
				85A840667FB0243518BA781B9884E4DC /* Headers */,
			);
			buildRules = (
			);
			dependencies = (
			);
			name = Toast;
			productName = Toast;
			productReference = 9FB5A436D17516C21EB3B0FA59897B23 /* libToast.a */;
			productType = "com.apple.product-type.library.static";
		};
/* End PBXNativeTarget section */

/* Begin PBXProject section */
		D41D8CD98F00B204E9800998ECF8427E /* Project object */ = {
			isa = PBXProject;
			attributes = {
				LastSwiftUpdateCheck = 0830;
				LastUpgradeCheck = 0700;
			};
			buildConfigurationList = 2D8E8EC45A3A1A1D94AE762CB5028504 /* Build configuration list for PBXProject "Pods" */;
			compatibilityVersion = "Xcode 3.2";
			developmentRegion = English;
			hasScannedForEncodings = 0;
			knownRegions = (
				en,
			);
			mainGroup = 7DB346D0F39D3F0E887471402A8071AB;
			productRefGroup = 7C07794DD69F4B61BAFC15B4108C9542 /* Products */;
			projectDirPath = "";
			projectRoot = "";
			targets = (
				9E033EDB5EC0819481B0546434FA577B /* AFNetworking */,
				A9D9DCCE5442795D0AD9E99D86389328 /* CocoaLumberjack */,
				586F2DFA9BDCC6675C2546793A69E5CC /* MBProgressHUD */,
				A28D32779B867F2AF99E47B9525994CC /* Pods-neighbor */,
				F2E5D914BCDF4052BDF1CF92E26EF050 /* Toast */,
			);
		};
/* End PBXProject section */

/* Begin PBXSourcesBuildPhase section */
		0068413C89BADAAF4691AA78AFE62C3E /* Sources */ = {
			isa = PBXSourcesBuildPhase;
			buildActionMask = 2147483647;
			files = (
				775CE7A8107457BDE59F113D40020839 /* AFAutoPurgingImageCache.m in Sources */,
				73811DA312BCB537D44D62EC6AD15766 /* AFHTTPSessionManager.m in Sources */,
				5C0696B2AD1DC23F6473F5A19FAB6296 /* AFImageDownloader.m in Sources */,
				31ED9BD97AF9E62874AF3CDF2F8090CF /* AFNetworkActivityIndicatorManager.m in Sources */,
				97A86FAAD4B1AD9B3292FF6AF1D8F82B /* AFNetworking-dummy.m in Sources */,
				E0EF330DB2D3521ED26E67B2E8687A2E /* AFNetworkReachabilityManager.m in Sources */,
				66E1040543AF7BA3DC3731FE17C85F5B /* AFSecurityPolicy.m in Sources */,
				5945033488F9995134DBB7014DE2412F /* AFURLRequestSerialization.m in Sources */,
				85D30678FF4F0AB306399A368EAA46B2 /* AFURLResponseSerialization.m in Sources */,
				9F5BB6B4995BA4A3B2C6AEBA6C31A6DB /* AFURLSessionManager.m in Sources */,
				2579663181BFA8F7DA4B5D7CF8537FC0 /* UIActivityIndicatorView+AFNetworking.m in Sources */,
				D10CC46035F7A0C868C0955664A34609 /* UIButton+AFNetworking.m in Sources */,
				A277AD9070E44BED5A7DE0B1D64D6F15 /* UIImageView+AFNetworking.m in Sources */,
				D4AA4704CA7863CC86E22AAF88635836 /* UIProgressView+AFNetworking.m in Sources */,
				B84CD33084C9867E67BD56E47B7BFC04 /* UIRefreshControl+AFNetworking.m in Sources */,
				A7F7FDCD36E2DD8D8E346DB19452CC03 /* UIWebView+AFNetworking.m in Sources */,
			);
			runOnlyForDeploymentPostprocessing = 0;
		};
		3BC6CB2EB1542ACC480E8227CC72A9FA /* Sources */ = {
			isa = PBXSourcesBuildPhase;
			buildActionMask = 2147483647;
			files = (
				C4AB7DF43DFD1BA7E16B45C0E090B903 /* Toast-dummy.m in Sources */,
				D7ED3F2BF4CF859956C13A4FEDC951FE /* UIView+Toast.m in Sources */,
			);
			runOnlyForDeploymentPostprocessing = 0;
		};
		702486019088A2037A41C725FEF4AB81 /* Sources */ = {
			isa = PBXSourcesBuildPhase;
			buildActionMask = 2147483647;
			files = (
				266033E83193E683318B3432BC99EB99 /* Pods-neighbor-dummy.m in Sources */,
			);
			runOnlyForDeploymentPostprocessing = 0;
		};
		7E4305B404C5BA5156646C69578ADD62 /* Sources */ = {
			isa = PBXSourcesBuildPhase;
			buildActionMask = 2147483647;
			files = (
				E5229F5125ACD420659E7B2D19BB30A8 /* MBProgressHUD-dummy.m in Sources */,
				536F7D0550F5FD9F5869CEC995CFEE9B /* MBProgressHUD.m in Sources */,
			);
			runOnlyForDeploymentPostprocessing = 0;
		};
		80A45846B04ED12BC4EBA15AE58930E0 /* Sources */ = {
			isa = PBXSourcesBuildPhase;
			buildActionMask = 2147483647;
			files = (
				95C5D891AB51E21A90472391D7C1C7A9 /* CocoaLumberjack-dummy.m in Sources */,
				742331B18E237BC0872FF0F21494F79B /* DDAbstractDatabaseLogger.m in Sources */,
				E8D868301A1255CB5444135FD1A90A6A /* DDASLLogCapture.m in Sources */,
				488391F71FFEC819796C437A754BCC90 /* DDASLLogger.m in Sources */,
				767A7E255A89A4BAFC49814322F6FC39 /* DDContextFilterLogFormatter.m in Sources */,
				EF3D8A5B9DFFD9312291E9997FF63E28 /* DDDispatchQueueLogFormatter.m in Sources */,
				38429612AFDFAB5B31C02D46018656C9 /* DDFileLogger.m in Sources */,
				9EEAFB8E4255CFFD7FF0746FB504C881 /* DDLog.m in Sources */,
				84494955C324A7BC1C3F150A6E2B870C /* DDMultiFormatter.m in Sources */,
				377F8D664706BBAD590AF4B128596B0C /* DDOSLogger.m in Sources */,
				ACB55BC601F23C3CC5D90B87DB041BED /* DDTTYLogger.m in Sources */,
			);
			runOnlyForDeploymentPostprocessing = 0;
		};
/* End PBXSourcesBuildPhase section */

/* Begin PBXTargetDependency section */
		48541BF956CC5713FA85CC6647D681FE /* PBXTargetDependency */ = {
			isa = PBXTargetDependency;
			name = AFNetworking;
			target = 9E033EDB5EC0819481B0546434FA577B /* AFNetworking */;
			targetProxy = EEA80466708906AE0504F7F1661E3D9E /* PBXContainerItemProxy */;
		};
		53AE95701810C641EC419FA0C0759D83 /* PBXTargetDependency */ = {
			isa = PBXTargetDependency;
			name = Toast;
			target = F2E5D914BCDF4052BDF1CF92E26EF050 /* Toast */;
			targetProxy = B79C3205B02C07232D9D96F171EA0C6F /* PBXContainerItemProxy */;
		};
		69B88A488FC4022D856878DC5CBDA77B /* PBXTargetDependency */ = {
			isa = PBXTargetDependency;
			name = CocoaLumberjack;
			target = A9D9DCCE5442795D0AD9E99D86389328 /* CocoaLumberjack */;
			targetProxy = 5C4C0EA0D9034C84E5F14E12692E6C8F /* PBXContainerItemProxy */;
		};
		E5F41B299C413BB5FE0BA5DEBE5B2B2F /* PBXTargetDependency */ = {
			isa = PBXTargetDependency;
			name = MBProgressHUD;
			target = 586F2DFA9BDCC6675C2546793A69E5CC /* MBProgressHUD */;
			targetProxy = 4B8721F96375C2D57CAF430279442550 /* PBXContainerItemProxy */;
		};
/* End PBXTargetDependency section */

/* Begin XCBuildConfiguration section */
		0D87FE37588AD75602FB56FE628C99D5 /* Release */ = {
			isa = XCBuildConfiguration;
			baseConfigurationReference = 6016EE7029443581BB841B4A636E8A47 /* Pods-neighbor.release.xcconfig */;
			buildSettings = {
				CODE_SIGN_IDENTITY = "iPhone Developer";
				"CODE_SIGN_IDENTITY[sdk=appletvos*]" = "";
				"CODE_SIGN_IDENTITY[sdk=iphoneos*]" = "";
				"CODE_SIGN_IDENTITY[sdk=watchos*]" = "";
				IPHONEOS_DEPLOYMENT_TARGET = 8.0;
				MACH_O_TYPE = staticlib;
				OTHER_LDFLAGS = "";
				OTHER_LIBTOOLFLAGS = "";
				PODS_ROOT = "$(SRCROOT)";
				PRODUCT_BUNDLE_IDENTIFIER = "org.cocoapods.${PRODUCT_NAME:rfc1034identifier}";
				SDKROOT = iphoneos;
				SKIP_INSTALL = YES;
				TARGETED_DEVICE_FAMILY = "1,2";
				VALIDATE_PRODUCT = YES;
			};
			name = Release;
		};
		3DF956A357D278C29F53AD3094728975 /* Release */ = {
			isa = XCBuildConfiguration;
			baseConfigurationReference = 823D44D4576FD04F03B98CA9E5195413 /* MBProgressHUD.xcconfig */;
			buildSettings = {
				CODE_SIGN_IDENTITY = "iPhone Developer";
				"CODE_SIGN_IDENTITY[sdk=appletvos*]" = "";
				"CODE_SIGN_IDENTITY[sdk=iphoneos*]" = "";
				"CODE_SIGN_IDENTITY[sdk=watchos*]" = "";
				GCC_PREFIX_HEADER = "Target Support Files/MBProgressHUD/MBProgressHUD-prefix.pch";
				IPHONEOS_DEPLOYMENT_TARGET = 6.0;
				OTHER_LDFLAGS = "";
				OTHER_LIBTOOLFLAGS = "";
				PRIVATE_HEADERS_FOLDER_PATH = "";
				PUBLIC_HEADERS_FOLDER_PATH = "";
				SDKROOT = iphoneos;
				SKIP_INSTALL = YES;
				SWIFT_ACTIVE_COMPILATION_CONDITIONS = "$(inherited) ";
				TARGETED_DEVICE_FAMILY = "1,2";
				VALIDATE_PRODUCT = YES;
			};
			name = Release;
		};
		5403CB947ED72BD789353EE9D9D58376 /* Release */ = {
			isa = XCBuildConfiguration;
			baseConfigurationReference = A1ABB090CF4AA9C109EAB57955D182B1 /* AFNetworking.xcconfig */;
			buildSettings = {
				CODE_SIGN_IDENTITY = "iPhone Developer";
				"CODE_SIGN_IDENTITY[sdk=appletvos*]" = "";
				"CODE_SIGN_IDENTITY[sdk=iphoneos*]" = "";
				"CODE_SIGN_IDENTITY[sdk=watchos*]" = "";
				GCC_PREFIX_HEADER = "Target Support Files/AFNetworking/AFNetworking-prefix.pch";
				IPHONEOS_DEPLOYMENT_TARGET = 7.0;
				OTHER_LDFLAGS = "";
				OTHER_LIBTOOLFLAGS = "";
				PRIVATE_HEADERS_FOLDER_PATH = "";
				PUBLIC_HEADERS_FOLDER_PATH = "";
				SDKROOT = iphoneos;
				SKIP_INSTALL = YES;
				SWIFT_ACTIVE_COMPILATION_CONDITIONS = "$(inherited) ";
				TARGETED_DEVICE_FAMILY = "1,2";
				VALIDATE_PRODUCT = YES;
			};
			name = Release;
		};
		5594D76C8A4B3841A7882D23045AA079 /* Debug */ = {
			isa = XCBuildConfiguration;
			baseConfigurationReference = 449B6A18DACC20DD897F1C0529E7E236 /* CocoaLumberjack.xcconfig */;
			buildSettings = {
				CODE_SIGN_IDENTITY = "iPhone Developer";
				"CODE_SIGN_IDENTITY[sdk=appletvos*]" = "";
				"CODE_SIGN_IDENTITY[sdk=iphoneos*]" = "";
				"CODE_SIGN_IDENTITY[sdk=watchos*]" = "";
				GCC_PREFIX_HEADER = "Target Support Files/CocoaLumberjack/CocoaLumberjack-prefix.pch";
				IPHONEOS_DEPLOYMENT_TARGET = 5.0;
				OTHER_LDFLAGS = "";
				OTHER_LIBTOOLFLAGS = "";
				PRIVATE_HEADERS_FOLDER_PATH = "";
				PUBLIC_HEADERS_FOLDER_PATH = "";
				SDKROOT = iphoneos;
				SKIP_INSTALL = YES;
				SWIFT_ACTIVE_COMPILATION_CONDITIONS = "$(inherited) ";
				TARGETED_DEVICE_FAMILY = "1,2";
			};
			name = Debug;
		};
		587AEEE2AC12944079DE6A6112E7E4C5 /* Debug */ = {
			isa = XCBuildConfiguration;
			baseConfigurationReference = 823D44D4576FD04F03B98CA9E5195413 /* MBProgressHUD.xcconfig */;
			buildSettings = {
				CODE_SIGN_IDENTITY = "iPhone Developer";
				"CODE_SIGN_IDENTITY[sdk=appletvos*]" = "";
				"CODE_SIGN_IDENTITY[sdk=iphoneos*]" = "";
				"CODE_SIGN_IDENTITY[sdk=watchos*]" = "";
				GCC_PREFIX_HEADER = "Target Support Files/MBProgressHUD/MBProgressHUD-prefix.pch";
				IPHONEOS_DEPLOYMENT_TARGET = 6.0;
				OTHER_LDFLAGS = "";
				OTHER_LIBTOOLFLAGS = "";
				PRIVATE_HEADERS_FOLDER_PATH = "";
				PUBLIC_HEADERS_FOLDER_PATH = "";
				SDKROOT = iphoneos;
				SKIP_INSTALL = YES;
				SWIFT_ACTIVE_COMPILATION_CONDITIONS = "$(inherited) ";
				TARGETED_DEVICE_FAMILY = "1,2";
			};
			name = Debug;
		};
		6A3B671A53E930486771B4D984AF2E1E /* Release */ = {
			isa = XCBuildConfiguration;
			baseConfigurationReference = 7388090C433545B398800CA4827F1686 /* Toast.xcconfig */;
			buildSettings = {
				CODE_SIGN_IDENTITY = "iPhone Developer";
				"CODE_SIGN_IDENTITY[sdk=appletvos*]" = "";
				"CODE_SIGN_IDENTITY[sdk=iphoneos*]" = "";
				"CODE_SIGN_IDENTITY[sdk=watchos*]" = "";
				GCC_PREFIX_HEADER = "Target Support Files/Toast/Toast-prefix.pch";
				IPHONEOS_DEPLOYMENT_TARGET = 4.3;
				OTHER_LDFLAGS = "";
				OTHER_LIBTOOLFLAGS = "";
				PRIVATE_HEADERS_FOLDER_PATH = "";
				PUBLIC_HEADERS_FOLDER_PATH = "";
				SDKROOT = iphoneos;
				SKIP_INSTALL = YES;
				SWIFT_ACTIVE_COMPILATION_CONDITIONS = "$(inherited) ";
				TARGETED_DEVICE_FAMILY = "1,2";
				VALIDATE_PRODUCT = YES;
			};
			name = Release;
		};
		7C246F7AA69D78A801B26483203E4806 /* Debug */ = {
			isa = XCBuildConfiguration;
			baseConfigurationReference = A1ABB090CF4AA9C109EAB57955D182B1 /* AFNetworking.xcconfig */;
			buildSettings = {
				CODE_SIGN_IDENTITY = "iPhone Developer";
				"CODE_SIGN_IDENTITY[sdk=appletvos*]" = "";
				"CODE_SIGN_IDENTITY[sdk=iphoneos*]" = "";
				"CODE_SIGN_IDENTITY[sdk=watchos*]" = "";
				GCC_PREFIX_HEADER = "Target Support Files/AFNetworking/AFNetworking-prefix.pch";
				IPHONEOS_DEPLOYMENT_TARGET = 7.0;
				OTHER_LDFLAGS = "";
				OTHER_LIBTOOLFLAGS = "";
				PRIVATE_HEADERS_FOLDER_PATH = "";
				PUBLIC_HEADERS_FOLDER_PATH = "";
				SDKROOT = iphoneos;
				SKIP_INSTALL = YES;
				SWIFT_ACTIVE_COMPILATION_CONDITIONS = "$(inherited) ";
				TARGETED_DEVICE_FAMILY = "1,2";
			};
			name = Debug;
		};
		AB3A7C9BFC3C9FF77F1AA8F13A1F401A /* Release */ = {
			isa = XCBuildConfiguration;
			baseConfigurationReference = 449B6A18DACC20DD897F1C0529E7E236 /* CocoaLumberjack.xcconfig */;
			buildSettings = {
				CODE_SIGN_IDENTITY = "iPhone Developer";
				"CODE_SIGN_IDENTITY[sdk=appletvos*]" = "";
				"CODE_SIGN_IDENTITY[sdk=iphoneos*]" = "";
				"CODE_SIGN_IDENTITY[sdk=watchos*]" = "";
				GCC_PREFIX_HEADER = "Target Support Files/CocoaLumberjack/CocoaLumberjack-prefix.pch";
				IPHONEOS_DEPLOYMENT_TARGET = 5.0;
				OTHER_LDFLAGS = "";
				OTHER_LIBTOOLFLAGS = "";
				PRIVATE_HEADERS_FOLDER_PATH = "";
				PUBLIC_HEADERS_FOLDER_PATH = "";
				SDKROOT = iphoneos;
				SKIP_INSTALL = YES;
				SWIFT_ACTIVE_COMPILATION_CONDITIONS = "$(inherited) ";
				TARGETED_DEVICE_FAMILY = "1,2";
				VALIDATE_PRODUCT = YES;
			};
			name = Release;
		};
		B254DAA6CF0CE39F4A3D11B90A7E059A /* Release */ = {
			isa = XCBuildConfiguration;
			buildSettings = {
				ALWAYS_SEARCH_USER_PATHS = NO;
				CLANG_ANALYZER_NONNULL = YES;
				CLANG_ANALYZER_NUMBER_OBJECT_CONVERSION = YES_AGGRESSIVE;
				CLANG_CXX_LANGUAGE_STANDARD = "gnu++14";
				CLANG_CXX_LIBRARY = "libc++";
				CLANG_ENABLE_MODULES = YES;
				CLANG_ENABLE_OBJC_ARC = YES;
				CLANG_WARN_BLOCK_CAPTURE_AUTORELEASING = YES;
				CLANG_WARN_BOOL_CONVERSION = YES;
				CLANG_WARN_COMMA = YES;
				CLANG_WARN_CONSTANT_CONVERSION = YES;
				CLANG_WARN_DIRECT_OBJC_ISA_USAGE = YES_ERROR;
				CLANG_WARN_DOCUMENTATION_COMMENTS = YES;
				CLANG_WARN_EMPTY_BODY = YES;
				CLANG_WARN_ENUM_CONVERSION = YES;
				CLANG_WARN_INFINITE_RECURSION = YES;
				CLANG_WARN_INT_CONVERSION = YES;
				CLANG_WARN_NON_LITERAL_NULL_CONVERSION = YES;
				CLANG_WARN_OBJC_LITERAL_CONVERSION = YES;
				CLANG_WARN_OBJC_ROOT_CLASS = YES_ERROR;
				CLANG_WARN_RANGE_LOOP_ANALYSIS = YES;
				CLANG_WARN_STRICT_PROTOTYPES = YES;
				CLANG_WARN_SUSPICIOUS_MOVE = YES;
				CLANG_WARN_UNGUARDED_AVAILABILITY = YES_AGGRESSIVE;
				CLANG_WARN_UNREACHABLE_CODE = YES;
				CLANG_WARN__DUPLICATE_METHOD_MATCH = YES;
				CODE_SIGNING_REQUIRED = NO;
				COPY_PHASE_STRIP = NO;
				DEBUG_INFORMATION_FORMAT = "dwarf-with-dsym";
				ENABLE_NS_ASSERTIONS = NO;
				ENABLE_STRICT_OBJC_MSGSEND = YES;
				GCC_C_LANGUAGE_STANDARD = gnu11;
				GCC_NO_COMMON_BLOCKS = YES;
				GCC_PREPROCESSOR_DEFINITIONS = (
					"POD_CONFIGURATION_RELEASE=1",
					"$(inherited)",
				);
				GCC_WARN_64_TO_32_BIT_CONVERSION = YES;
				GCC_WARN_ABOUT_RETURN_TYPE = YES_ERROR;
				GCC_WARN_UNDECLARED_SELECTOR = YES;
				GCC_WARN_UNINITIALIZED_AUTOS = YES_AGGRESSIVE;
				GCC_WARN_UNUSED_FUNCTION = YES;
				GCC_WARN_UNUSED_VARIABLE = YES;
				IPHONEOS_DEPLOYMENT_TARGET = 8.0;
				MTL_ENABLE_DEBUG_INFO = NO;
				PRODUCT_NAME = "$(TARGET_NAME)";
				PROVISIONING_PROFILE_SPECIFIER = NO_SIGNING/;
				STRIP_INSTALLED_PRODUCT = NO;
				SYMROOT = "${SRCROOT}/../build";
			};
			name = Release;
		};
		E04E7AD33D706C7DF9F17032D751B9F2 /* Debug */ = {
			isa = XCBuildConfiguration;
			baseConfigurationReference = 9EC0F006C71FAA7F8F2FE5B31EE7D17D /* Pods-neighbor.debug.xcconfig */;
			buildSettings = {
				CODE_SIGN_IDENTITY = "iPhone Developer";
				"CODE_SIGN_IDENTITY[sdk=appletvos*]" = "";
				"CODE_SIGN_IDENTITY[sdk=iphoneos*]" = "";
				"CODE_SIGN_IDENTITY[sdk=watchos*]" = "";
				IPHONEOS_DEPLOYMENT_TARGET = 8.0;
				MACH_O_TYPE = staticlib;
				OTHER_LDFLAGS = "";
				OTHER_LIBTOOLFLAGS = "";
				PODS_ROOT = "$(SRCROOT)";
				PRODUCT_BUNDLE_IDENTIFIER = "org.cocoapods.${PRODUCT_NAME:rfc1034identifier}";
				SDKROOT = iphoneos;
				SKIP_INSTALL = YES;
				TARGETED_DEVICE_FAMILY = "1,2";
			};
			name = Debug;
		};
		E4B68EE12B21C47CB798D9B1ECA6D7A7 /* Debug */ = {
			isa = XCBuildConfiguration;
			buildSettings = {
				ALWAYS_SEARCH_USER_PATHS = NO;
				CLANG_ANALYZER_NONNULL = YES;
				CLANG_ANALYZER_NUMBER_OBJECT_CONVERSION = YES_AGGRESSIVE;
				CLANG_CXX_LANGUAGE_STANDARD = "gnu++14";
				CLANG_CXX_LIBRARY = "libc++";
				CLANG_ENABLE_MODULES = YES;
				CLANG_ENABLE_OBJC_ARC = YES;
				CLANG_WARN_BLOCK_CAPTURE_AUTORELEASING = YES;
				CLANG_WARN_BOOL_CONVERSION = YES;
				CLANG_WARN_COMMA = YES;
				CLANG_WARN_CONSTANT_CONVERSION = YES;
				CLANG_WARN_DIRECT_OBJC_ISA_USAGE = YES_ERROR;
				CLANG_WARN_DOCUMENTATION_COMMENTS = YES;
				CLANG_WARN_EMPTY_BODY = YES;
				CLANG_WARN_ENUM_CONVERSION = YES;
				CLANG_WARN_INFINITE_RECURSION = YES;
				CLANG_WARN_INT_CONVERSION = YES;
				CLANG_WARN_NON_LITERAL_NULL_CONVERSION = YES;
				CLANG_WARN_OBJC_LITERAL_CONVERSION = YES;
				CLANG_WARN_OBJC_ROOT_CLASS = YES_ERROR;
				CLANG_WARN_RANGE_LOOP_ANALYSIS = YES;
				CLANG_WARN_STRICT_PROTOTYPES = YES;
				CLANG_WARN_SUSPICIOUS_MOVE = YES;
				CLANG_WARN_UNGUARDED_AVAILABILITY = YES_AGGRESSIVE;
				CLANG_WARN_UNREACHABLE_CODE = YES;
				CLANG_WARN__DUPLICATE_METHOD_MATCH = YES;
				CODE_SIGNING_REQUIRED = NO;
				COPY_PHASE_STRIP = NO;
				DEBUG_INFORMATION_FORMAT = dwarf;
				ENABLE_STRICT_OBJC_MSGSEND = YES;
				ENABLE_TESTABILITY = YES;
				GCC_C_LANGUAGE_STANDARD = gnu11;
				GCC_DYNAMIC_NO_PIC = NO;
				GCC_NO_COMMON_BLOCKS = YES;
				GCC_OPTIMIZATION_LEVEL = 0;
				GCC_PREPROCESSOR_DEFINITIONS = (
					"POD_CONFIGURATION_DEBUG=1",
					"DEBUG=1",
					"$(inherited)",
				);
				GCC_WARN_64_TO_32_BIT_CONVERSION = YES;
				GCC_WARN_ABOUT_RETURN_TYPE = YES_ERROR;
				GCC_WARN_UNDECLARED_SELECTOR = YES;
				GCC_WARN_UNINITIALIZED_AUTOS = YES_AGGRESSIVE;
				GCC_WARN_UNUSED_FUNCTION = YES;
				GCC_WARN_UNUSED_VARIABLE = YES;
				IPHONEOS_DEPLOYMENT_TARGET = 8.0;
				MTL_ENABLE_DEBUG_INFO = YES;
				ONLY_ACTIVE_ARCH = YES;
				PRODUCT_NAME = "$(TARGET_NAME)";
				PROVISIONING_PROFILE_SPECIFIER = NO_SIGNING/;
				STRIP_INSTALLED_PRODUCT = NO;
				SWIFT_ACTIVE_COMPILATION_CONDITIONS = DEBUG;
				SYMROOT = "${SRCROOT}/../build";
			};
			name = Debug;
		};
		F863F1C2AF8B8BBABE7DFF5158BA9D5A /* Debug */ = {
			isa = XCBuildConfiguration;
			baseConfigurationReference = 7388090C433545B398800CA4827F1686 /* Toast.xcconfig */;
			buildSettings = {
				CODE_SIGN_IDENTITY = "iPhone Developer";
				"CODE_SIGN_IDENTITY[sdk=appletvos*]" = "";
				"CODE_SIGN_IDENTITY[sdk=iphoneos*]" = "";
				"CODE_SIGN_IDENTITY[sdk=watchos*]" = "";
				GCC_PREFIX_HEADER = "Target Support Files/Toast/Toast-prefix.pch";
				IPHONEOS_DEPLOYMENT_TARGET = 4.3;
				OTHER_LDFLAGS = "";
				OTHER_LIBTOOLFLAGS = "";
				PRIVATE_HEADERS_FOLDER_PATH = "";
				PUBLIC_HEADERS_FOLDER_PATH = "";
				SDKROOT = iphoneos;
				SKIP_INSTALL = YES;
				SWIFT_ACTIVE_COMPILATION_CONDITIONS = "$(inherited) ";
				TARGETED_DEVICE_FAMILY = "1,2";
			};
			name = Debug;
		};
/* End XCBuildConfiguration section */

/* Begin XCConfigurationList section */
		06FE5ED8F5BC86BD7790BD4F1C5EB7B7 /* Build configuration list for PBXNativeTarget "Pods-neighbor" */ = {
			isa = XCConfigurationList;
			buildConfigurations = (
				E04E7AD33D706C7DF9F17032D751B9F2 /* Debug */,
				0D87FE37588AD75602FB56FE628C99D5 /* Release */,
			);
			defaultConfigurationIsVisible = 0;
			defaultConfigurationName = Release;
		};
		2D8E8EC45A3A1A1D94AE762CB5028504 /* Build configuration list for PBXProject "Pods" */ = {
			isa = XCConfigurationList;
			buildConfigurations = (
				E4B68EE12B21C47CB798D9B1ECA6D7A7 /* Debug */,
				B254DAA6CF0CE39F4A3D11B90A7E059A /* Release */,
			);
			defaultConfigurationIsVisible = 0;
			defaultConfigurationName = Release;
		};
		483FBC4A668BF7F1A8767452E7E188AC /* Build configuration list for PBXNativeTarget "AFNetworking" */ = {
			isa = XCConfigurationList;
			buildConfigurations = (
				7C246F7AA69D78A801B26483203E4806 /* Debug */,
				5403CB947ED72BD789353EE9D9D58376 /* Release */,
			);
			defaultConfigurationIsVisible = 0;
			defaultConfigurationName = Release;
		};
		6B44251FA50022CA55D4B2FBE1468C76 /* Build configuration list for PBXNativeTarget "MBProgressHUD" */ = {
			isa = XCConfigurationList;
			buildConfigurations = (
				587AEEE2AC12944079DE6A6112E7E4C5 /* Debug */,
				3DF956A357D278C29F53AD3094728975 /* Release */,
			);
			defaultConfigurationIsVisible = 0;
			defaultConfigurationName = Release;
		};
		85512B7087BCEA40E1E7C061B3AE7847 /* Build configuration list for PBXNativeTarget "Toast" */ = {
			isa = XCConfigurationList;
			buildConfigurations = (
				F863F1C2AF8B8BBABE7DFF5158BA9D5A /* Debug */,
				6A3B671A53E930486771B4D984AF2E1E /* Release */,
			);
			defaultConfigurationIsVisible = 0;
			defaultConfigurationName = Release;
		};
		8A9B5D67A449F89CF01669103DECD4BC /* Build configuration list for PBXNativeTarget "CocoaLumberjack" */ = {
			isa = XCConfigurationList;
			buildConfigurations = (
				5594D76C8A4B3841A7882D23045AA079 /* Debug */,
				AB3A7C9BFC3C9FF77F1AA8F13A1F401A /* Release */,
			);
			defaultConfigurationIsVisible = 0;
			defaultConfigurationName = Release;
		};
/* End XCConfigurationList section */
	};
	rootObject = D41D8CD98F00B204E9800998ECF8427E /* Project object */;
}
